// !$*UTF8*$!
{
	archiveVersion = 1;
	classes = {
	};
	objectVersion = 55;
	objects = {

/* Begin PBXBuildFile section */
		E2680B1227EBCADC004C37E9 /* GoLondonSDK in Frameworks */ = {isa = PBXBuildFile; productRef = E2680B1127EBCADC004C37E9 /* GoLondonSDK */; };
		E2680B1727EBCE4A004C37E9 /* MapboxMaps in Frameworks */ = {isa = PBXBuildFile; productRef = E2680B1627EBCE4A004C37E9 /* MapboxMaps */; };
		E2680B1A27EBCE7F004C37E9 /* GoLondonSDK in Frameworks */ = {isa = PBXBuildFile; productRef = E2680B1927EBCE7F004C37E9 /* GoLondonSDK */; };
		E2680B1C27EBCE83004C37E9 /* MapboxMaps in Frameworks */ = {isa = PBXBuildFile; productRef = E2680B1B27EBCE83004C37E9 /* MapboxMaps */; };
		E2680B1F27EBCFDB004C37E9 /* HomeView.swift in Sources */ = {isa = PBXBuildFile; fileRef = E2680B1E27EBCFDB004C37E9 /* HomeView.swift */; };
		E2680B2027EBCFDB004C37E9 /* HomeView.swift in Sources */ = {isa = PBXBuildFile; fileRef = E2680B1E27EBCFDB004C37E9 /* HomeView.swift */; };
		E2680B2327EBD02B004C37E9 /* MapView.swift in Sources */ = {isa = PBXBuildFile; fileRef = E2680B2227EBD02B004C37E9 /* MapView.swift */; };
		E2680B2427EBD02B004C37E9 /* MapView.swift in Sources */ = {isa = PBXBuildFile; fileRef = E2680B2227EBD02B004C37E9 /* MapView.swift */; };
		E2680B2627EBDA57004C37E9 /* GoLondon.swift in Sources */ = {isa = PBXBuildFile; fileRef = E2680B2527EBDA57004C37E9 /* GoLondon.swift */; };
		E2680B2727EBDA57004C37E9 /* GoLondon.swift in Sources */ = {isa = PBXBuildFile; fileRef = E2680B2527EBDA57004C37E9 /* GoLondon.swift */; };
		E2680B2E27EBE120004C37E9 /* Lottie in Frameworks */ = {isa = PBXBuildFile; productRef = E2680B2D27EBE120004C37E9 /* Lottie */; };
		E2680B3327EBE173004C37E9 /* LottieView.swift in Sources */ = {isa = PBXBuildFile; fileRef = E2680B3227EBE173004C37E9 /* LottieView.swift */; };
		E2680B3427EBE173004C37E9 /* LottieView.swift in Sources */ = {isa = PBXBuildFile; fileRef = E2680B3227EBE173004C37E9 /* LottieView.swift */; };
		E2680B3527EBE231004C37E9 /* RequestLocation.swift in Sources */ = {isa = PBXBuildFile; fileRef = E2680B2927EBDF58004C37E9 /* RequestLocation.swift */; };
		E2680B3627EBE231004C37E9 /* RequestLocation.swift in Sources */ = {isa = PBXBuildFile; fileRef = E2680B2927EBDF58004C37E9 /* RequestLocation.swift */; };
		E2680B3827EBE28A004C37E9 /* Lottie in Frameworks */ = {isa = PBXBuildFile; productRef = E2680B3727EBE28A004C37E9 /* Lottie */; };
		E2680B3C27EBE2D4004C37E9 /* LottieLocation.json in Resources */ = {isa = PBXBuildFile; fileRef = E2680B3B27EBE2D4004C37E9 /* LottieLocation.json */; };
		E2680B3D27EBE2D4004C37E9 /* LottieLocation.json in Resources */ = {isa = PBXBuildFile; fileRef = E2680B3B27EBE2D4004C37E9 /* LottieLocation.json */; };
		E2680B4027EBE49E004C37E9 /* LocationManager.swift in Sources */ = {isa = PBXBuildFile; fileRef = E2680B3F27EBE49E004C37E9 /* LocationManager.swift */; };
		E2680B4127EBE49E004C37E9 /* LocationManager.swift in Sources */ = {isa = PBXBuildFile; fileRef = E2680B3F27EBE49E004C37E9 /* LocationManager.swift */; };
		E2680B4427EE715A004C37E9 /* LocationPermission.swift in Sources */ = {isa = PBXBuildFile; fileRef = E2680B4327EE715A004C37E9 /* LocationPermission.swift */; };
		E2680B4527EE715A004C37E9 /* LocationPermission.swift in Sources */ = {isa = PBXBuildFile; fileRef = E2680B4327EE715A004C37E9 /* LocationPermission.swift */; };
		E2680B4727EE717F004C37E9 /* PermissionManager.swift in Sources */ = {isa = PBXBuildFile; fileRef = E2680B4627EE717F004C37E9 /* PermissionManager.swift */; };
		E2680B4827EE717F004C37E9 /* PermissionManager.swift in Sources */ = {isa = PBXBuildFile; fileRef = E2680B4627EE717F004C37E9 /* PermissionManager.swift */; };
		E2A36A6227F63BA400AD8ECD /* MapButton.swift in Sources */ = {isa = PBXBuildFile; fileRef = E2A36A6127F63BA400AD8ECD /* MapButton.swift */; };
		E2A36A6527F65DFC00AD8ECD /* MainMapViewModel.swift in Sources */ = {isa = PBXBuildFile; fileRef = E2A36A6427F65DFC00AD8ECD /* MainMapViewModel.swift */; };
		E2A36A6927F6627000AD8ECD /* LineMode+GoLondon.swift in Sources */ = {isa = PBXBuildFile; fileRef = E2A36A6827F6627000AD8ECD /* LineMode+GoLondon.swift */; };
		E2A36A6B27F6723500AD8ECD /* StopPoint+GoLondon.swift in Sources */ = {isa = PBXBuildFile; fileRef = E2A36A6A27F6723500AD8ECD /* StopPoint+GoLondon.swift */; };
		E2A36A6D27F7706200AD8ECD /* MapSearchPanel.swift in Sources */ = {isa = PBXBuildFile; fileRef = E2A36A6C27F7706200AD8ECD /* MapSearchPanel.swift */; };
		E2A36A6E27F7706200AD8ECD /* MapSearchPanel.swift in Sources */ = {isa = PBXBuildFile; fileRef = E2A36A6C27F7706200AD8ECD /* MapSearchPanel.swift */; };
		E2A36A7127F772B100AD8ECD /* GLTextField.swift in Sources */ = {isa = PBXBuildFile; fileRef = E2A36A7027F772B100AD8ECD /* GLTextField.swift */; };
		E2A36A7227F772B100AD8ECD /* GLTextField.swift in Sources */ = {isa = PBXBuildFile; fileRef = E2A36A7027F772B100AD8ECD /* GLTextField.swift */; };
		E2A36A7427F7825900AD8ECD /* View+GoLondon.swift in Sources */ = {isa = PBXBuildFile; fileRef = E2A36A7327F7825900AD8ECD /* View+GoLondon.swift */; };
		E2A36A7527F7825900AD8ECD /* View+GoLondon.swift in Sources */ = {isa = PBXBuildFile; fileRef = E2A36A7327F7825900AD8ECD /* View+GoLondon.swift */; };
		E2AE9B3727F608E90055299A /* Color+GoLondon.swift in Sources */ = {isa = PBXBuildFile; fileRef = E2AE9B3627F608E90055299A /* Color+GoLondon.swift */; };
		E2F7EB6F27F8D68800A5489B /* FadingText.swift in Sources */ = {isa = PBXBuildFile; fileRef = E2F7EB6E27F8D68800A5489B /* FadingText.swift */; };
		E2F7EB7027F8D68800A5489B /* FadingText.swift in Sources */ = {isa = PBXBuildFile; fileRef = E2F7EB6E27F8D68800A5489B /* FadingText.swift */; };
		E2FEF7EE27E4AA87005132EF /* Go_LondonApp.swift in Sources */ = {isa = PBXBuildFile; fileRef = E2FEF7DE27E4AA85005132EF /* Go_LondonApp.swift */; };
		E2FEF7EF27E4AA87005132EF /* Go_LondonApp.swift in Sources */ = {isa = PBXBuildFile; fileRef = E2FEF7DE27E4AA85005132EF /* Go_LondonApp.swift */; };
		E2FEF7F027E4AA87005132EF /* ContentView.swift in Sources */ = {isa = PBXBuildFile; fileRef = E2FEF7DF27E4AA85005132EF /* ContentView.swift */; };
		E2FEF7F127E4AA87005132EF /* ContentView.swift in Sources */ = {isa = PBXBuildFile; fileRef = E2FEF7DF27E4AA85005132EF /* ContentView.swift */; };
		E2FEF7F227E4AA87005132EF /* Assets.xcassets in Resources */ = {isa = PBXBuildFile; fileRef = E2FEF7E027E4AA87005132EF /* Assets.xcassets */; };
		E2FEF7F327E4AA87005132EF /* Assets.xcassets in Resources */ = {isa = PBXBuildFile; fileRef = E2FEF7E027E4AA87005132EF /* Assets.xcassets */; };
		E2FF049827F08EB2003A2ABB /* StopPointAnnotation.swift in Sources */ = {isa = PBXBuildFile; fileRef = E2FF049727F08EB2003A2ABB /* StopPointAnnotation.swift */; };
		E2FF049B27F0FD86003A2ABB /* StopPointMarker.swift in Sources */ = {isa = PBXBuildFile; fileRef = E2FF049A27F0FD86003A2ABB /* StopPointMarker.swift */; };
/* End PBXBuildFile section */

/* Begin PBXFileReference section */
		E2680B1327EBCB4C004C37E9 /* Go-London--iOS--Info.plist */ = {isa = PBXFileReference; lastKnownFileType = text.plist; path = "Go-London--iOS--Info.plist"; sourceTree = "<group>"; };
		E2680B1427EBCBAE004C37E9 /* Go-London--macOS--Info.plist */ = {isa = PBXFileReference; lastKnownFileType = text.plist; path = "Go-London--macOS--Info.plist"; sourceTree = "<group>"; };
		E2680B1E27EBCFDB004C37E9 /* HomeView.swift */ = {isa = PBXFileReference; lastKnownFileType = sourcecode.swift; path = HomeView.swift; sourceTree = "<group>"; };
		E2680B2227EBD02B004C37E9 /* MapView.swift */ = {isa = PBXFileReference; lastKnownFileType = sourcecode.swift; path = MapView.swift; sourceTree = "<group>"; };
		E2680B2527EBDA57004C37E9 /* GoLondon.swift */ = {isa = PBXFileReference; lastKnownFileType = sourcecode.swift; path = GoLondon.swift; sourceTree = "<group>"; };
		E2680B2927EBDF58004C37E9 /* RequestLocation.swift */ = {isa = PBXFileReference; lastKnownFileType = sourcecode.swift; path = RequestLocation.swift; sourceTree = "<group>"; };
		E2680B3227EBE173004C37E9 /* LottieView.swift */ = {isa = PBXFileReference; lastKnownFileType = sourcecode.swift; path = LottieView.swift; sourceTree = "<group>"; };
		E2680B3B27EBE2D4004C37E9 /* LottieLocation.json */ = {isa = PBXFileReference; fileEncoding = 4; lastKnownFileType = text.json; path = LottieLocation.json; sourceTree = "<group>"; };
		E2680B3F27EBE49E004C37E9 /* LocationManager.swift */ = {isa = PBXFileReference; lastKnownFileType = sourcecode.swift; path = LocationManager.swift; sourceTree = "<group>"; };
		E2680B4327EE715A004C37E9 /* LocationPermission.swift */ = {isa = PBXFileReference; lastKnownFileType = sourcecode.swift; path = LocationPermission.swift; sourceTree = "<group>"; };
		E2680B4627EE717F004C37E9 /* PermissionManager.swift */ = {isa = PBXFileReference; lastKnownFileType = sourcecode.swift; path = PermissionManager.swift; sourceTree = "<group>"; };
		E2A36A6127F63BA400AD8ECD /* MapButton.swift */ = {isa = PBXFileReference; lastKnownFileType = sourcecode.swift; path = MapButton.swift; sourceTree = "<group>"; };
		E2A36A6427F65DFC00AD8ECD /* MainMapViewModel.swift */ = {isa = PBXFileReference; lastKnownFileType = sourcecode.swift; path = MainMapViewModel.swift; sourceTree = "<group>"; };
		E2A36A6827F6627000AD8ECD /* LineMode+GoLondon.swift */ = {isa = PBXFileReference; lastKnownFileType = sourcecode.swift; path = "LineMode+GoLondon.swift"; sourceTree = "<group>"; };
		E2A36A6A27F6723500AD8ECD /* StopPoint+GoLondon.swift */ = {isa = PBXFileReference; lastKnownFileType = sourcecode.swift; path = "StopPoint+GoLondon.swift"; sourceTree = "<group>"; };
		E2A36A6C27F7706200AD8ECD /* MapSearchPanel.swift */ = {isa = PBXFileReference; lastKnownFileType = sourcecode.swift; path = MapSearchPanel.swift; sourceTree = "<group>"; };
		E2A36A7027F772B100AD8ECD /* GLTextField.swift */ = {isa = PBXFileReference; lastKnownFileType = sourcecode.swift; path = GLTextField.swift; sourceTree = "<group>"; };
		E2A36A7327F7825900AD8ECD /* View+GoLondon.swift */ = {isa = PBXFileReference; lastKnownFileType = sourcecode.swift; path = "View+GoLondon.swift"; sourceTree = "<group>"; };
		E2AE9B3627F608E90055299A /* Color+GoLondon.swift */ = {isa = PBXFileReference; lastKnownFileType = sourcecode.swift; path = "Color+GoLondon.swift"; sourceTree = "<group>"; };
		E2F7EB6E27F8D68800A5489B /* FadingText.swift */ = {isa = PBXFileReference; lastKnownFileType = sourcecode.swift; path = FadingText.swift; sourceTree = "<group>"; };
		E2FEF7DE27E4AA85005132EF /* Go_LondonApp.swift */ = {isa = PBXFileReference; lastKnownFileType = sourcecode.swift; path = Go_LondonApp.swift; sourceTree = "<group>"; };
		E2FEF7DF27E4AA85005132EF /* ContentView.swift */ = {isa = PBXFileReference; lastKnownFileType = sourcecode.swift; path = ContentView.swift; sourceTree = "<group>"; };
		E2FEF7E027E4AA87005132EF /* Assets.xcassets */ = {isa = PBXFileReference; lastKnownFileType = folder.assetcatalog; path = Assets.xcassets; sourceTree = "<group>"; };
		E2FEF7E527E4AA87005132EF /* Go London.app */ = {isa = PBXFileReference; explicitFileType = wrapper.application; includeInIndex = 0; path = "Go London.app"; sourceTree = BUILT_PRODUCTS_DIR; };
		E2FEF7EB27E4AA87005132EF /* Go London.app */ = {isa = PBXFileReference; explicitFileType = wrapper.application; includeInIndex = 0; path = "Go London.app"; sourceTree = BUILT_PRODUCTS_DIR; };
		E2FEF7ED27E4AA87005132EF /* macOS.entitlements */ = {isa = PBXFileReference; lastKnownFileType = text.plist.entitlements; path = macOS.entitlements; sourceTree = "<group>"; };
		E2FF049727F08EB2003A2ABB /* StopPointAnnotation.swift */ = {isa = PBXFileReference; lastKnownFileType = sourcecode.swift; path = StopPointAnnotation.swift; sourceTree = "<group>"; };
		E2FF049A27F0FD86003A2ABB /* StopPointMarker.swift */ = {isa = PBXFileReference; lastKnownFileType = sourcecode.swift; path = StopPointMarker.swift; sourceTree = "<group>"; };
/* End PBXFileReference section */

/* Begin PBXFrameworksBuildPhase section */
		E2FEF7E227E4AA87005132EF /* Frameworks */ = {
			isa = PBXFrameworksBuildPhase;
			buildActionMask = 2147483647;
			files = (
				E2680B1727EBCE4A004C37E9 /* MapboxMaps in Frameworks */,
				E2680B1227EBCADC004C37E9 /* GoLondonSDK in Frameworks */,
				E2680B2E27EBE120004C37E9 /* Lottie in Frameworks */,
			);
			runOnlyForDeploymentPostprocessing = 0;
		};
		E2FEF7E827E4AA87005132EF /* Frameworks */ = {
			isa = PBXFrameworksBuildPhase;
			buildActionMask = 2147483647;
			files = (
				E2680B1C27EBCE83004C37E9 /* MapboxMaps in Frameworks */,
				E2680B1A27EBCE7F004C37E9 /* GoLondonSDK in Frameworks */,
				E2680B3827EBE28A004C37E9 /* Lottie in Frameworks */,
			);
			runOnlyForDeploymentPostprocessing = 0;
		};
/* End PBXFrameworksBuildPhase section */

/* Begin PBXGroup section */
		E2680B1827EBCE7F004C37E9 /* Frameworks */ = {
			isa = PBXGroup;
			children = (
			);
			name = Frameworks;
			sourceTree = "<group>";
		};
		E2680B1D27EBCFCD004C37E9 /* Map Page */ = {
			isa = PBXGroup;
			children = (
				E2680B2127EBD017004C37E9 /* View Representables */,
				E2680B1E27EBCFDB004C37E9 /* HomeView.swift */,
				E2A36A6C27F7706200AD8ECD /* MapSearchPanel.swift */,
			);
			path = "Map Page";
			sourceTree = "<group>";
		};
		E2680B2127EBD017004C37E9 /* View Representables */ = {
			isa = PBXGroup;
			children = (
				E2680B2227EBD02B004C37E9 /* MapView.swift */,
			);
			path = "View Representables";
			sourceTree = "<group>";
		};
		E2680B2827EBDEDD004C37E9 /* Misc */ = {
			isa = PBXGroup;
			children = (
				E2A36A6F27F7729B00AD8ECD /* Controls */,
				E2680B2927EBDF58004C37E9 /* RequestLocation.swift */,
			);
			path = Misc;
			sourceTree = "<group>";
		};
		E2680B2F27EBE128004C37E9 /* Views */ = {
			isa = PBXGroup;
			children = (
				E2A36A6027F63B9A00AD8ECD /* Buttons */,
				E2FF049927F0FD79003A2ABB /* Markers */,
				E2680B2827EBDEDD004C37E9 /* Misc */,
				E2680B1D27EBCFCD004C37E9 /* Map Page */,
			);
			path = Views;
			sourceTree = "<group>";
		};
		E2680B3027EBE132004C37E9 /* App */ = {
			isa = PBXGroup;
			children = (
				E2FEF7DE27E4AA85005132EF /* Go_LondonApp.swift */,
				E2FEF7DF27E4AA85005132EF /* ContentView.swift */,
				E2680B2527EBDA57004C37E9 /* GoLondon.swift */,
			);
			path = App;
			sourceTree = "<group>";
		};
		E2680B3127EBE13F004C37E9 /* Misc */ = {
			isa = PBXGroup;
			children = (
				E2680B3227EBE173004C37E9 /* LottieView.swift */,
			);
			path = Misc;
			sourceTree = "<group>";
		};
		E2680B3927EBE2BC004C37E9 /* Assets */ = {
			isa = PBXGroup;
			children = (
				E2680B3A27EBE2C2004C37E9 /* Lottie Files */,
			);
			path = Assets;
			sourceTree = "<group>";
		};
		E2680B3A27EBE2C2004C37E9 /* Lottie Files */ = {
			isa = PBXGroup;
			children = (
				E2680B3B27EBE2D4004C37E9 /* LottieLocation.json */,
			);
			path = "Lottie Files";
			sourceTree = "<group>";
		};
		E2680B3E27EBE492004C37E9 /* Services */ = {
			isa = PBXGroup;
			children = (
				E2680B4227EE7146004C37E9 /* Permissions */,
				E2680B3F27EBE49E004C37E9 /* LocationManager.swift */,
			);
			path = Services;
			sourceTree = "<group>";
		};
		E2680B4227EE7146004C37E9 /* Permissions */ = {
			isa = PBXGroup;
			children = (
				E2680B4327EE715A004C37E9 /* LocationPermission.swift */,
				E2680B4627EE717F004C37E9 /* PermissionManager.swift */,
			);
			path = Permissions;
			sourceTree = "<group>";
		};
		E28A832227F114B600739B44 /* Extensions */ = {
			isa = PBXGroup;
			children = (
				E2AE9B3627F608E90055299A /* Color+GoLondon.swift */,
				E2A36A6827F6627000AD8ECD /* LineMode+GoLondon.swift */,
				E2A36A6A27F6723500AD8ECD /* StopPoint+GoLondon.swift */,
				E2A36A7327F7825900AD8ECD /* View+GoLondon.swift */,
			);
			path = Extensions;
			sourceTree = "<group>";
		};
		E2A36A6027F63B9A00AD8ECD /* Buttons */ = {
			isa = PBXGroup;
			children = (
				E2A36A6127F63BA400AD8ECD /* MapButton.swift */,
			);
			path = Buttons;
			sourceTree = "<group>";
		};
		E2A36A6327F65DEF00AD8ECD /* ViewModels */ = {
			isa = PBXGroup;
			children = (
				E2A36A6427F65DFC00AD8ECD /* MainMapViewModel.swift */,
			);
			path = ViewModels;
			sourceTree = "<group>";
		};
		E2A36A6F27F7729B00AD8ECD /* Controls */ = {
			isa = PBXGroup;
			children = (
				E2A36A7027F772B100AD8ECD /* GLTextField.swift */,
				E2F7EB6E27F8D68800A5489B /* FadingText.swift */,
			);
			path = Controls;
			sourceTree = "<group>";
		};
		E2FEF7D827E4AA85005132EF = {
			isa = PBXGroup;
			children = (
				E2680B1427EBCBAE004C37E9 /* Go-London--macOS--Info.plist */,
				E2680B1327EBCB4C004C37E9 /* Go-London--iOS--Info.plist */,
				E2FEF7DD27E4AA85005132EF /* Shared */,
				E2FEF7EC27E4AA87005132EF /* macOS */,
				E2FEF7E627E4AA87005132EF /* Products */,
				E2680B1827EBCE7F004C37E9 /* Frameworks */,
			);
			sourceTree = "<group>";
		};
		E2FEF7DD27E4AA85005132EF /* Shared */ = {
			isa = PBXGroup;
			children = (
				E2A36A6327F65DEF00AD8ECD /* ViewModels */,
				E28A832227F114B600739B44 /* Extensions */,
				E2FF049627F08EA6003A2ABB /* Models */,
				E2680B3E27EBE492004C37E9 /* Services */,
				E2680B3927EBE2BC004C37E9 /* Assets */,
				E2FEF7E027E4AA87005132EF /* Assets.xcassets */,
				E2680B3027EBE132004C37E9 /* App */,
				E2680B2F27EBE128004C37E9 /* Views */,
				E2680B3127EBE13F004C37E9 /* Misc */,
			);
			path = Shared;
			sourceTree = "<group>";
		};
		E2FEF7E627E4AA87005132EF /* Products */ = {
			isa = PBXGroup;
			children = (
				E2FEF7E527E4AA87005132EF /* Go London.app */,
				E2FEF7EB27E4AA87005132EF /* Go London.app */,
			);
			name = Products;
			sourceTree = "<group>";
		};
		E2FEF7EC27E4AA87005132EF /* macOS */ = {
			isa = PBXGroup;
			children = (
				E2FEF7ED27E4AA87005132EF /* macOS.entitlements */,
			);
			path = macOS;
			sourceTree = "<group>";
		};
		E2FF049627F08EA6003A2ABB /* Models */ = {
			isa = PBXGroup;
			children = (
				E2FF049727F08EB2003A2ABB /* StopPointAnnotation.swift */,
			);
			path = Models;
			sourceTree = "<group>";
		};
		E2FF049927F0FD79003A2ABB /* Markers */ = {
			isa = PBXGroup;
			children = (
				E2FF049A27F0FD86003A2ABB /* StopPointMarker.swift */,
			);
			path = Markers;
			sourceTree = "<group>";
		};
/* End PBXGroup section */

/* Begin PBXNativeTarget section */
		E2FEF7E427E4AA87005132EF /* Go London (iOS) */ = {
			isa = PBXNativeTarget;
			buildConfigurationList = E2FEF7F627E4AA87005132EF /* Build configuration list for PBXNativeTarget "Go London (iOS)" */;
			buildPhases = (
				E2FEF7E127E4AA87005132EF /* Sources */,
				E2FEF7E227E4AA87005132EF /* Frameworks */,
				E2FEF7E327E4AA87005132EF /* Resources */,
			);
			buildRules = (
			);
			dependencies = (
			);
			name = "Go London (iOS)";
			packageProductDependencies = (
				E2680B1127EBCADC004C37E9 /* GoLondonSDK */,
				E2680B1627EBCE4A004C37E9 /* MapboxMaps */,
				E2680B2D27EBE120004C37E9 /* Lottie */,
			);
			productName = "Go London (iOS)";
			productReference = E2FEF7E527E4AA87005132EF /* Go London.app */;
			productType = "com.apple.product-type.application";
		};
		E2FEF7EA27E4AA87005132EF /* Go London (macOS) */ = {
			isa = PBXNativeTarget;
			buildConfigurationList = E2FEF7F927E4AA87005132EF /* Build configuration list for PBXNativeTarget "Go London (macOS)" */;
			buildPhases = (
				E2FEF7E727E4AA87005132EF /* Sources */,
				E2FEF7E827E4AA87005132EF /* Frameworks */,
				E2FEF7E927E4AA87005132EF /* Resources */,
			);
			buildRules = (
			);
			dependencies = (
			);
			name = "Go London (macOS)";
			packageProductDependencies = (
				E2680B1927EBCE7F004C37E9 /* GoLondonSDK */,
				E2680B1B27EBCE83004C37E9 /* MapboxMaps */,
				E2680B3727EBE28A004C37E9 /* Lottie */,
			);
			productName = "Go London (macOS)";
			productReference = E2FEF7EB27E4AA87005132EF /* Go London.app */;
			productType = "com.apple.product-type.application";
		};
/* End PBXNativeTarget section */

/* Begin PBXProject section */
		E2FEF7D927E4AA85005132EF /* Project object */ = {
			isa = PBXProject;
			attributes = {
				BuildIndependentTargetsInParallel = 1;
				LastSwiftUpdateCheck = 1320;
				LastUpgradeCheck = 1320;
				TargetAttributes = {
					E2FEF7E427E4AA87005132EF = {
						CreatedOnToolsVersion = 13.2;
					};
					E2FEF7EA27E4AA87005132EF = {
						CreatedOnToolsVersion = 13.2;
					};
				};
			};
			buildConfigurationList = E2FEF7DC27E4AA85005132EF /* Build configuration list for PBXProject "Go London" */;
			compatibilityVersion = "Xcode 13.0";
			developmentRegion = en;
			hasScannedForEncodings = 0;
			knownRegions = (
				en,
				Base,
			);
			mainGroup = E2FEF7D827E4AA85005132EF;
			packageReferences = (
				E2680B1027EBCADC004C37E9 /* XCRemoteSwiftPackageReference "GoLondonSDK-Swift" */,
				E2680B1527EBCE4A004C37E9 /* XCRemoteSwiftPackageReference "mapbox-maps-ios" */,
				E2680B2C27EBE120004C37E9 /* XCRemoteSwiftPackageReference "lottie-ios" */,
			);
			productRefGroup = E2FEF7E627E4AA87005132EF /* Products */;
			projectDirPath = "";
			projectRoot = "";
			targets = (
				E2FEF7E427E4AA87005132EF /* Go London (iOS) */,
				E2FEF7EA27E4AA87005132EF /* Go London (macOS) */,
			);
		};
/* End PBXProject section */

/* Begin PBXResourcesBuildPhase section */
		E2FEF7E327E4AA87005132EF /* Resources */ = {
			isa = PBXResourcesBuildPhase;
			buildActionMask = 2147483647;
			files = (
				E2FEF7F227E4AA87005132EF /* Assets.xcassets in Resources */,
				E2680B3C27EBE2D4004C37E9 /* LottieLocation.json in Resources */,
			);
			runOnlyForDeploymentPostprocessing = 0;
		};
		E2FEF7E927E4AA87005132EF /* Resources */ = {
			isa = PBXResourcesBuildPhase;
			buildActionMask = 2147483647;
			files = (
				E2FEF7F327E4AA87005132EF /* Assets.xcassets in Resources */,
				E2680B3D27EBE2D4004C37E9 /* LottieLocation.json in Resources */,
			);
			runOnlyForDeploymentPostprocessing = 0;
		};
/* End PBXResourcesBuildPhase section */

/* Begin PBXSourcesBuildPhase section */
		E2FEF7E127E4AA87005132EF /* Sources */ = {
			isa = PBXSourcesBuildPhase;
			buildActionMask = 2147483647;
			files = (
				E2A36A6227F63BA400AD8ECD /* MapButton.swift in Sources */,
				E2A36A6D27F7706200AD8ECD /* MapSearchPanel.swift in Sources */,
				E2680B1F27EBCFDB004C37E9 /* HomeView.swift in Sources */,
				E2680B2327EBD02B004C37E9 /* MapView.swift in Sources */,
				E2F7EB6F27F8D68800A5489B /* FadingText.swift in Sources */,
				E2FF049827F08EB2003A2ABB /* StopPointAnnotation.swift in Sources */,
				E2FEF7F027E4AA87005132EF /* ContentView.swift in Sources */,
				E2680B3627EBE231004C37E9 /* RequestLocation.swift in Sources */,
				E2680B4027EBE49E004C37E9 /* LocationManager.swift in Sources */,
				E2680B4427EE715A004C37E9 /* LocationPermission.swift in Sources */,
				E2680B4727EE717F004C37E9 /* PermissionManager.swift in Sources */,
				E2680B2627EBDA57004C37E9 /* GoLondon.swift in Sources */,
				E2A36A6B27F6723500AD8ECD /* StopPoint+GoLondon.swift in Sources */,
				E2A36A6927F6627000AD8ECD /* LineMode+GoLondon.swift in Sources */,
				E2A36A7127F772B100AD8ECD /* GLTextField.swift in Sources */,
				E2AE9B3727F608E90055299A /* Color+GoLondon.swift in Sources */,
				E2680B3327EBE173004C37E9 /* LottieView.swift in Sources */,
				E2A36A7427F7825900AD8ECD /* View+GoLondon.swift in Sources */,
				E2FF049B27F0FD86003A2ABB /* StopPointMarker.swift in Sources */,
				E2FEF7EE27E4AA87005132EF /* Go_LondonApp.swift in Sources */,
				E2A36A6527F65DFC00AD8ECD /* MainMapViewModel.swift in Sources */,
			);
			runOnlyForDeploymentPostprocessing = 0;
		};
		E2FEF7E727E4AA87005132EF /* Sources */ = {
			isa = PBXSourcesBuildPhase;
			buildActionMask = 2147483647;
			files = (
				E2A36A7227F772B100AD8ECD /* GLTextField.swift in Sources */,
				E2680B2027EBCFDB004C37E9 /* HomeView.swift in Sources */,
				E2680B2427EBD02B004C37E9 /* MapView.swift in Sources */,
				E2FEF7F127E4AA87005132EF /* ContentView.swift in Sources */,
				E2680B3527EBE231004C37E9 /* RequestLocation.swift in Sources */,
				E2A36A7527F7825900AD8ECD /* View+GoLondon.swift in Sources */,
				E2680B4127EBE49E004C37E9 /* LocationManager.swift in Sources */,
				E2680B4527EE715A004C37E9 /* LocationPermission.swift in Sources */,
				E2680B4827EE717F004C37E9 /* PermissionManager.swift in Sources */,
				E2680B2727EBDA57004C37E9 /* GoLondon.swift in Sources */,
				E2680B3427EBE173004C37E9 /* LottieView.swift in Sources */,
				E2F7EB7027F8D68800A5489B /* FadingText.swift in Sources */,
				E2A36A6E27F7706200AD8ECD /* MapSearchPanel.swift in Sources */,
				E2FEF7EF27E4AA87005132EF /* Go_LondonApp.swift in Sources */,
			);
			runOnlyForDeploymentPostprocessing = 0;
		};
/* End PBXSourcesBuildPhase section */

/* Begin XCBuildConfiguration section */
		E2FEF7F427E4AA87005132EF /* Debug */ = {
			isa = XCBuildConfiguration;
			buildSettings = {
				ALWAYS_SEARCH_USER_PATHS = NO;
				CLANG_ANALYZER_NONNULL = YES;
				CLANG_ANALYZER_NUMBER_OBJECT_CONVERSION = YES_AGGRESSIVE;
				CLANG_CXX_LANGUAGE_STANDARD = "gnu++17";
				CLANG_CXX_LIBRARY = "libc++";
				CLANG_ENABLE_MODULES = YES;
				CLANG_ENABLE_OBJC_ARC = YES;
				CLANG_ENABLE_OBJC_WEAK = YES;
				CLANG_WARN_BLOCK_CAPTURE_AUTORELEASING = YES;
				CLANG_WARN_BOOL_CONVERSION = YES;
				CLANG_WARN_COMMA = YES;
				CLANG_WARN_CONSTANT_CONVERSION = YES;
				CLANG_WARN_DEPRECATED_OBJC_IMPLEMENTATIONS = YES;
				CLANG_WARN_DIRECT_OBJC_ISA_USAGE = YES_ERROR;
				CLANG_WARN_DOCUMENTATION_COMMENTS = YES;
				CLANG_WARN_EMPTY_BODY = YES;
				CLANG_WARN_ENUM_CONVERSION = YES;
				CLANG_WARN_INFINITE_RECURSION = YES;
				CLANG_WARN_INT_CONVERSION = YES;
				CLANG_WARN_NON_LITERAL_NULL_CONVERSION = YES;
				CLANG_WARN_OBJC_IMPLICIT_RETAIN_SELF = YES;
				CLANG_WARN_OBJC_LITERAL_CONVERSION = YES;
				CLANG_WARN_OBJC_ROOT_CLASS = YES_ERROR;
				CLANG_WARN_QUOTED_INCLUDE_IN_FRAMEWORK_HEADER = YES;
				CLANG_WARN_RANGE_LOOP_ANALYSIS = YES;
				CLANG_WARN_STRICT_PROTOTYPES = YES;
				CLANG_WARN_SUSPICIOUS_MOVE = YES;
				CLANG_WARN_UNGUARDED_AVAILABILITY = YES_AGGRESSIVE;
				CLANG_WARN_UNREACHABLE_CODE = YES;
				CLANG_WARN__DUPLICATE_METHOD_MATCH = YES;
				COPY_PHASE_STRIP = NO;
				DEBUG_INFORMATION_FORMAT = dwarf;
				ENABLE_STRICT_OBJC_MSGSEND = YES;
				ENABLE_TESTABILITY = YES;
				GCC_C_LANGUAGE_STANDARD = gnu11;
				GCC_DYNAMIC_NO_PIC = NO;
				GCC_NO_COMMON_BLOCKS = YES;
				GCC_OPTIMIZATION_LEVEL = 0;
				GCC_PREPROCESSOR_DEFINITIONS = (
					"DEBUG=1",
					"$(inherited)",
				);
				GCC_WARN_64_TO_32_BIT_CONVERSION = YES;
				GCC_WARN_ABOUT_RETURN_TYPE = YES_ERROR;
				GCC_WARN_UNDECLARED_SELECTOR = YES;
				GCC_WARN_UNINITIALIZED_AUTOS = YES_AGGRESSIVE;
				GCC_WARN_UNUSED_FUNCTION = YES;
				GCC_WARN_UNUSED_VARIABLE = YES;
				MTL_ENABLE_DEBUG_INFO = INCLUDE_SOURCE;
				MTL_FAST_MATH = YES;
				ONLY_ACTIVE_ARCH = YES;
				SWIFT_ACTIVE_COMPILATION_CONDITIONS = DEBUG;
				SWIFT_OPTIMIZATION_LEVEL = "-Onone";
			};
			name = Debug;
		};
		E2FEF7F527E4AA87005132EF /* Release */ = {
			isa = XCBuildConfiguration;
			buildSettings = {
				ALWAYS_SEARCH_USER_PATHS = NO;
				CLANG_ANALYZER_NONNULL = YES;
				CLANG_ANALYZER_NUMBER_OBJECT_CONVERSION = YES_AGGRESSIVE;
				CLANG_CXX_LANGUAGE_STANDARD = "gnu++17";
				CLANG_CXX_LIBRARY = "libc++";
				CLANG_ENABLE_MODULES = YES;
				CLANG_ENABLE_OBJC_ARC = YES;
				CLANG_ENABLE_OBJC_WEAK = YES;
				CLANG_WARN_BLOCK_CAPTURE_AUTORELEASING = YES;
				CLANG_WARN_BOOL_CONVERSION = YES;
				CLANG_WARN_COMMA = YES;
				CLANG_WARN_CONSTANT_CONVERSION = YES;
				CLANG_WARN_DEPRECATED_OBJC_IMPLEMENTATIONS = YES;
				CLANG_WARN_DIRECT_OBJC_ISA_USAGE = YES_ERROR;
				CLANG_WARN_DOCUMENTATION_COMMENTS = YES;
				CLANG_WARN_EMPTY_BODY = YES;
				CLANG_WARN_ENUM_CONVERSION = YES;
				CLANG_WARN_INFINITE_RECURSION = YES;
				CLANG_WARN_INT_CONVERSION = YES;
				CLANG_WARN_NON_LITERAL_NULL_CONVERSION = YES;
				CLANG_WARN_OBJC_IMPLICIT_RETAIN_SELF = YES;
				CLANG_WARN_OBJC_LITERAL_CONVERSION = YES;
				CLANG_WARN_OBJC_ROOT_CLASS = YES_ERROR;
				CLANG_WARN_QUOTED_INCLUDE_IN_FRAMEWORK_HEADER = YES;
				CLANG_WARN_RANGE_LOOP_ANALYSIS = YES;
				CLANG_WARN_STRICT_PROTOTYPES = YES;
				CLANG_WARN_SUSPICIOUS_MOVE = YES;
				CLANG_WARN_UNGUARDED_AVAILABILITY = YES_AGGRESSIVE;
				CLANG_WARN_UNREACHABLE_CODE = YES;
				CLANG_WARN__DUPLICATE_METHOD_MATCH = YES;
				COPY_PHASE_STRIP = NO;
				DEBUG_INFORMATION_FORMAT = "dwarf-with-dsym";
				ENABLE_NS_ASSERTIONS = NO;
				ENABLE_STRICT_OBJC_MSGSEND = YES;
				GCC_C_LANGUAGE_STANDARD = gnu11;
				GCC_NO_COMMON_BLOCKS = YES;
				GCC_WARN_64_TO_32_BIT_CONVERSION = YES;
				GCC_WARN_ABOUT_RETURN_TYPE = YES_ERROR;
				GCC_WARN_UNDECLARED_SELECTOR = YES;
				GCC_WARN_UNINITIALIZED_AUTOS = YES_AGGRESSIVE;
				GCC_WARN_UNUSED_FUNCTION = YES;
				GCC_WARN_UNUSED_VARIABLE = YES;
				MTL_ENABLE_DEBUG_INFO = NO;
				MTL_FAST_MATH = YES;
				SWIFT_COMPILATION_MODE = wholemodule;
				SWIFT_OPTIMIZATION_LEVEL = "-O";
			};
			name = Release;
		};
		E2FEF7F727E4AA87005132EF /* Debug */ = {
			isa = XCBuildConfiguration;
			buildSettings = {
				ASSETCATALOG_COMPILER_APPICON_NAME = AppIcon;
				ASSETCATALOG_COMPILER_GLOBAL_ACCENT_COLOR_NAME = AccentColor;
				CODE_SIGN_STYLE = Automatic;
				CURRENT_PROJECT_VERSION = 1;
				DEVELOPMENT_TEAM = 8H3J46CN24;
				ENABLE_PREVIEWS = YES;
				GENERATE_INFOPLIST_FILE = YES;
				INFOPLIST_FILE = "Go-London--iOS--Info.plist";
				INFOPLIST_KEY_NSLocationAlwaysAndWhenInUseUsageDescription = "Go London can provide accurate travel and journey information as well as information on Stops around you";
				INFOPLIST_KEY_NSLocationAlwaysUsageDescription = "Go London can provide accurate travel and journey information as well as information on Stops around you";
				INFOPLIST_KEY_NSLocationWhenInUseUsageDescription = "Go London can provide accurate travel and journey information as well as information on Stops around you";
				INFOPLIST_KEY_UIApplicationSceneManifest_Generation = YES;
				INFOPLIST_KEY_UIApplicationSupportsIndirectInputEvents = YES;
				INFOPLIST_KEY_UILaunchScreen_Generation = YES;
				INFOPLIST_KEY_UISupportedInterfaceOrientations_iPad = "UIInterfaceOrientationPortrait UIInterfaceOrientationPortraitUpsideDown UIInterfaceOrientationLandscapeLeft UIInterfaceOrientationLandscapeRight";
				INFOPLIST_KEY_UISupportedInterfaceOrientations_iPhone = "UIInterfaceOrientationPortrait UIInterfaceOrientationLandscapeLeft UIInterfaceOrientationLandscapeRight";
				IPHONEOS_DEPLOYMENT_TARGET = 15.0;
				LD_RUNPATH_SEARCH_PATHS = (
					"$(inherited)",
					"@executable_path/Frameworks",
				);
				MARKETING_VERSION = 1.0;
				PRODUCT_BUNDLE_IDENTIFIER = "online.tomk.Go-London.dev";
				PRODUCT_NAME = "Go London";
				SDKROOT = iphoneos;
				SWIFT_EMIT_LOC_STRINGS = YES;
				SWIFT_VERSION = 5.0;
				TARGETED_DEVICE_FAMILY = "1,2";
			};
			name = Debug;
		};
		E2FEF7F827E4AA87005132EF /* Release */ = {
			isa = XCBuildConfiguration;
			buildSettings = {
				ASSETCATALOG_COMPILER_APPICON_NAME = AppIcon;
				ASSETCATALOG_COMPILER_GLOBAL_ACCENT_COLOR_NAME = AccentColor;
				CODE_SIGN_STYLE = Automatic;
				CURRENT_PROJECT_VERSION = 1;
				DEVELOPMENT_TEAM = 8H3J46CN24;
				ENABLE_PREVIEWS = YES;
				GENERATE_INFOPLIST_FILE = YES;
				INFOPLIST_FILE = "Go-London--iOS--Info.plist";
				INFOPLIST_KEY_NSLocationAlwaysAndWhenInUseUsageDescription = "Go London can provide accurate travel and journey information as well as information on Stops around you";
				INFOPLIST_KEY_NSLocationAlwaysUsageDescription = "Go London can provide accurate travel and journey information as well as information on Stops around you";
				INFOPLIST_KEY_NSLocationWhenInUseUsageDescription = "Go London can provide accurate travel and journey information as well as information on Stops around you";
				INFOPLIST_KEY_UIApplicationSceneManifest_Generation = YES;
				INFOPLIST_KEY_UIApplicationSupportsIndirectInputEvents = YES;
				INFOPLIST_KEY_UILaunchScreen_Generation = YES;
				INFOPLIST_KEY_UISupportedInterfaceOrientations_iPad = "UIInterfaceOrientationPortrait UIInterfaceOrientationPortraitUpsideDown UIInterfaceOrientationLandscapeLeft UIInterfaceOrientationLandscapeRight";
				INFOPLIST_KEY_UISupportedInterfaceOrientations_iPhone = "UIInterfaceOrientationPortrait UIInterfaceOrientationLandscapeLeft UIInterfaceOrientationLandscapeRight";
				IPHONEOS_DEPLOYMENT_TARGET = 15.0;
				LD_RUNPATH_SEARCH_PATHS = (
					"$(inherited)",
					"@executable_path/Frameworks",
				);
				MARKETING_VERSION = 1.0;
				PRODUCT_BUNDLE_IDENTIFIER = "online.tomk.Go-London.dev";
				PRODUCT_NAME = "Go London";
				SDKROOT = iphoneos;
				SWIFT_EMIT_LOC_STRINGS = YES;
				SWIFT_VERSION = 5.0;
				TARGETED_DEVICE_FAMILY = "1,2";
				VALIDATE_PRODUCT = YES;
			};
			name = Release;
		};
		E2FEF7FA27E4AA87005132EF /* Debug */ = {
			isa = XCBuildConfiguration;
			buildSettings = {
				ASSETCATALOG_COMPILER_APPICON_NAME = AppIcon;
				ASSETCATALOG_COMPILER_GLOBAL_ACCENT_COLOR_NAME = AccentColor;
				CODE_SIGN_ENTITLEMENTS = macOS/macOS.entitlements;
				CODE_SIGN_STYLE = Automatic;
				COMBINE_HIDPI_IMAGES = YES;
				CURRENT_PROJECT_VERSION = 1;
				DEVELOPMENT_TEAM = 8H3J46CN24;
				ENABLE_HARDENED_RUNTIME = YES;
				ENABLE_PREVIEWS = YES;
				GENERATE_INFOPLIST_FILE = YES;
				INFOPLIST_FILE = "Go-London--macOS--Info.plist";
				INFOPLIST_KEY_NSHumanReadableCopyright = "";
				LD_RUNPATH_SEARCH_PATHS = (
					"$(inherited)",
					"@executable_path/../Frameworks",
				);
				MACOSX_DEPLOYMENT_TARGET = 12.1;
				MARKETING_VERSION = 1.0;
				PRODUCT_BUNDLE_IDENTIFIER = "online.tomk.Go-London";
				PRODUCT_NAME = "Go London";
				SDKROOT = macosx;
				SWIFT_EMIT_LOC_STRINGS = YES;
				SWIFT_VERSION = 5.0;
			};
			name = Debug;
		};
		E2FEF7FB27E4AA87005132EF /* Release */ = {
			isa = XCBuildConfiguration;
			buildSettings = {
				ASSETCATALOG_COMPILER_APPICON_NAME = AppIcon;
				ASSETCATALOG_COMPILER_GLOBAL_ACCENT_COLOR_NAME = AccentColor;
				CODE_SIGN_ENTITLEMENTS = macOS/macOS.entitlements;
				CODE_SIGN_STYLE = Automatic;
				COMBINE_HIDPI_IMAGES = YES;
				CURRENT_PROJECT_VERSION = 1;
				DEVELOPMENT_TEAM = 8H3J46CN24;
				ENABLE_HARDENED_RUNTIME = YES;
				ENABLE_PREVIEWS = YES;
				GENERATE_INFOPLIST_FILE = YES;
				INFOPLIST_FILE = "Go-London--macOS--Info.plist";
				INFOPLIST_KEY_NSHumanReadableCopyright = "";
				LD_RUNPATH_SEARCH_PATHS = (
					"$(inherited)",
					"@executable_path/../Frameworks",
				);
				MACOSX_DEPLOYMENT_TARGET = 12.1;
				MARKETING_VERSION = 1.0;
				PRODUCT_BUNDLE_IDENTIFIER = "online.tomk.Go-London";
				PRODUCT_NAME = "Go London";
				SDKROOT = macosx;
				SWIFT_EMIT_LOC_STRINGS = YES;
				SWIFT_VERSION = 5.0;
			};
			name = Release;
		};
/* End XCBuildConfiguration section */

/* Begin XCConfigurationList section */
		E2FEF7DC27E4AA85005132EF /* Build configuration list for PBXProject "Go London" */ = {
			isa = XCConfigurationList;
			buildConfigurations = (
				E2FEF7F427E4AA87005132EF /* Debug */,
				E2FEF7F527E4AA87005132EF /* Release */,
			);
			defaultConfigurationIsVisible = 0;
			defaultConfigurationName = Release;
		};
		E2FEF7F627E4AA87005132EF /* Build configuration list for PBXNativeTarget "Go London (iOS)" */ = {
			isa = XCConfigurationList;
			buildConfigurations = (
				E2FEF7F727E4AA87005132EF /* Debug */,
				E2FEF7F827E4AA87005132EF /* Release */,
			);
			defaultConfigurationIsVisible = 0;
			defaultConfigurationName = Release;
		};
		E2FEF7F927E4AA87005132EF /* Build configuration list for PBXNativeTarget "Go London (macOS)" */ = {
			isa = XCConfigurationList;
			buildConfigurations = (
				E2FEF7FA27E4AA87005132EF /* Debug */,
				E2FEF7FB27E4AA87005132EF /* Release */,
			);
			defaultConfigurationIsVisible = 0;
			defaultConfigurationName = Release;
		};
/* End XCConfigurationList section */

/* Begin XCRemoteSwiftPackageReference section */
		E2680B1027EBCADC004C37E9 /* XCRemoteSwiftPackageReference "GoLondonSDK-Swift" */ = {
			isa = XCRemoteSwiftPackageReference;
			repositoryURL = "https://github.com/Tom-Knighton/GoLondonSDK-Swift";
			requirement = {
				kind = upToNextMajorVersion;
				minimumVersion = 1.0.0;
			};
		};
		E2680B1527EBCE4A004C37E9 /* XCRemoteSwiftPackageReference "mapbox-maps-ios" */ = {
			isa = XCRemoteSwiftPackageReference;
			repositoryURL = "https://github.com/mapbox/mapbox-maps-ios.git";
			requirement = {
				kind = upToNextMajorVersion;
				minimumVersion = 10.4.0;
			};
		};
		E2680B2C27EBE120004C37E9 /* XCRemoteSwiftPackageReference "lottie-ios" */ = {
			isa = XCRemoteSwiftPackageReference;
			repositoryURL = "https://github.com/airbnb/lottie-ios.git";
			requirement = {
				branch = master;
				kind = branch;
			};
		};
/* End XCRemoteSwiftPackageReference section */

/* Begin XCSwiftPackageProductDependency section */
		E2680B1127EBCADC004C37E9 /* GoLondonSDK */ = {
			isa = XCSwiftPackageProductDependency;
			package = E2680B1027EBCADC004C37E9 /* XCRemoteSwiftPackageReference "GoLondonSDK-Swift" */;
			productName = GoLondonSDK;
		};
		E2680B1627EBCE4A004C37E9 /* MapboxMaps */ = {
			isa = XCSwiftPackageProductDependency;
			package = E2680B1527EBCE4A004C37E9 /* XCRemoteSwiftPackageReference "mapbox-maps-ios" */;
			productName = MapboxMaps;
		};
		E2680B1927EBCE7F004C37E9 /* GoLondonSDK */ = {
			isa = XCSwiftPackageProductDependency;
			package = E2680B1027EBCADC004C37E9 /* XCRemoteSwiftPackageReference "GoLondonSDK-Swift" */;
			productName = GoLondonSDK;
		};
		E2680B1B27EBCE83004C37E9 /* MapboxMaps */ = {
			isa = XCSwiftPackageProductDependency;
			package = E2680B1527EBCE4A004C37E9 /* XCRemoteSwiftPackageReference "mapbox-maps-ios" */;
			productName = MapboxMaps;
		};
		E2680B2D27EBE120004C37E9 /* Lottie */ = {
			isa = XCSwiftPackageProductDependency;
			package = E2680B2C27EBE120004C37E9 /* XCRemoteSwiftPackageReference "lottie-ios" */;
			productName = Lottie;
		};
		E2680B3727EBE28A004C37E9 /* Lottie */ = {
			isa = XCSwiftPackageProductDependency;
			package = E2680B2C27EBE120004C37E9 /* XCRemoteSwiftPackageReference "lottie-ios" */;
			productName = Lottie;
		};
/* End XCSwiftPackageProductDependency section */
	};
	rootObject = E2FEF7D927E4AA85005132EF /* Project object */;
}
