// !$*UTF8*$!
{
	archiveVersion = 1;
	classes = {
	};
	objectVersion = 55;
	objects = {

/* Begin PBXBuildFile section */
		E208307B2714A2A900721A73 /* MapView.swift in Sources */ = {isa = PBXBuildFile; fileRef = E208307A2714A2A900721A73 /* MapView.swift */; };
		E208307C2714A2A900721A73 /* MapView.swift in Sources */ = {isa = PBXBuildFile; fileRef = E208307A2714A2A900721A73 /* MapView.swift */; };
		E2111F72270F7F8600672C25 /* LoadingGif.json in Resources */ = {isa = PBXBuildFile; fileRef = E2111F71270F7F8600672C25 /* LoadingGif.json */; };
		E2111F73270F7F8600672C25 /* LoadingGif.json in Resources */ = {isa = PBXBuildFile; fileRef = E2111F71270F7F8600672C25 /* LoadingGif.json */; };
		E2111F7527103FC600672C25 /* StopPointOverview.swift in Sources */ = {isa = PBXBuildFile; fileRef = E2111F7427103FC600672C25 /* StopPointOverview.swift */; };
		E2111F7627103FC600672C25 /* StopPointOverview.swift in Sources */ = {isa = PBXBuildFile; fileRef = E2111F7427103FC600672C25 /* StopPointOverview.swift */; };
		E2111F7827104A9000672C25 /* CustomHeaderView.swift in Sources */ = {isa = PBXBuildFile; fileRef = E2111F7727104A9000672C25 /* CustomHeaderView.swift */; };
		E2111F7927104A9000672C25 /* CustomHeaderView.swift in Sources */ = {isa = PBXBuildFile; fileRef = E2111F7727104A9000672C25 /* CustomHeaderView.swift */; };
		E2510F98270BBA6200A7AEBE /* UIApplication+GaryGo.swift in Sources */ = {isa = PBXBuildFile; fileRef = E2510F97270BBA6200A7AEBE /* UIApplication+GaryGo.swift */; };
		E2510F99270BBA6200A7AEBE /* UIApplication+GaryGo.swift in Sources */ = {isa = PBXBuildFile; fileRef = E2510F97270BBA6200A7AEBE /* UIApplication+GaryGo.swift */; };
		E2510F9B270BCA6A00A7AEBE /* DirectionsView.swift in Sources */ = {isa = PBXBuildFile; fileRef = E2510F9A270BCA6A00A7AEBE /* DirectionsView.swift */; };
		E2510F9C270BCA6A00A7AEBE /* DirectionsView.swift in Sources */ = {isa = PBXBuildFile; fileRef = E2510F9A270BCA6A00A7AEBE /* DirectionsView.swift */; };
		E25AAC69270B8E3900A0749B /* Dog_Polly.json in Resources */ = {isa = PBXBuildFile; fileRef = E25AAC60270B8E3900A0749B /* Dog_Polly.json */; };
		E25AAC6A270B8E3900A0749B /* Dog_Polly.json in Resources */ = {isa = PBXBuildFile; fileRef = E25AAC60270B8E3900A0749B /* Dog_Polly.json */; };
		E25AAC6B270B8E3900A0749B /* Dog_Louie.json in Resources */ = {isa = PBXBuildFile; fileRef = E25AAC61270B8E3900A0749B /* Dog_Louie.json */; };
		E25AAC6C270B8E3900A0749B /* Dog_Louie.json in Resources */ = {isa = PBXBuildFile; fileRef = E25AAC61270B8E3900A0749B /* Dog_Louie.json */; };
		E25AAC6D270B8E3900A0749B /* Dog_Rambo.json in Resources */ = {isa = PBXBuildFile; fileRef = E25AAC62270B8E3900A0749B /* Dog_Rambo.json */; };
		E25AAC6E270B8E3900A0749B /* Dog_Rambo.json in Resources */ = {isa = PBXBuildFile; fileRef = E25AAC62270B8E3900A0749B /* Dog_Rambo.json */; };
		E25AAC6F270B8E3900A0749B /* Dog_Franchesca.json in Resources */ = {isa = PBXBuildFile; fileRef = E25AAC63270B8E3900A0749B /* Dog_Franchesca.json */; };
		E25AAC70270B8E3900A0749B /* Dog_Franchesca.json in Resources */ = {isa = PBXBuildFile; fileRef = E25AAC63270B8E3900A0749B /* Dog_Franchesca.json */; };
		E25AAC71270B8E3900A0749B /* Dog_Frankie.json in Resources */ = {isa = PBXBuildFile; fileRef = E25AAC64270B8E3900A0749B /* Dog_Frankie.json */; };
		E25AAC72270B8E3900A0749B /* Dog_Frankie.json in Resources */ = {isa = PBXBuildFile; fileRef = E25AAC64270B8E3900A0749B /* Dog_Frankie.json */; };
		E25AAC73270B8E3900A0749B /* Dog_Gromit.json in Resources */ = {isa = PBXBuildFile; fileRef = E25AAC65270B8E3900A0749B /* Dog_Gromit.json */; };
		E25AAC74270B8E3900A0749B /* Dog_Gromit.json in Resources */ = {isa = PBXBuildFile; fileRef = E25AAC65270B8E3900A0749B /* Dog_Gromit.json */; };
		E25AAC75270B8E3900A0749B /* Dog_Tom.json in Resources */ = {isa = PBXBuildFile; fileRef = E25AAC66270B8E3900A0749B /* Dog_Tom.json */; };
		E25AAC76270B8E3900A0749B /* Dog_Tom.json in Resources */ = {isa = PBXBuildFile; fileRef = E25AAC66270B8E3900A0749B /* Dog_Tom.json */; };
		E25AAC77270B8E3900A0749B /* Dog_Tutu.json in Resources */ = {isa = PBXBuildFile; fileRef = E25AAC67270B8E3900A0749B /* Dog_Tutu.json */; };
		E25AAC78270B8E3900A0749B /* Dog_Tutu.json in Resources */ = {isa = PBXBuildFile; fileRef = E25AAC67270B8E3900A0749B /* Dog_Tutu.json */; };
		E25AAC79270B8E3900A0749B /* Dog_Wally.json in Resources */ = {isa = PBXBuildFile; fileRef = E25AAC68270B8E3900A0749B /* Dog_Wally.json */; };
		E25AAC7A270B8E3900A0749B /* Dog_Wally.json in Resources */ = {isa = PBXBuildFile; fileRef = E25AAC68270B8E3900A0749B /* Dog_Wally.json */; };
		E25AAC7D270B935400A0749B /* SoundService.swift in Sources */ = {isa = PBXBuildFile; fileRef = E25AAC7C270B935400A0749B /* SoundService.swift */; };
		E25AAC7E270B935400A0749B /* SoundService.swift in Sources */ = {isa = PBXBuildFile; fileRef = E25AAC7C270B935400A0749B /* SoundService.swift */; };
		E25AAC81270B94F200A0749B /* dogbark.wav in Resources */ = {isa = PBXBuildFile; fileRef = E25AAC80270B94F200A0749B /* dogbark.wav */; };
		E25AAC82270B94F200A0749B /* dogbark.wav in Resources */ = {isa = PBXBuildFile; fileRef = E25AAC80270B94F200A0749B /* dogbark.wav */; };
		E25AAC84270BB1DB00A0749B /* TabViewManager.swift in Sources */ = {isa = PBXBuildFile; fileRef = E25AAC83270BB1DB00A0749B /* TabViewManager.swift */; };
		E25AAC85270BB1DB00A0749B /* TabViewManager.swift in Sources */ = {isa = PBXBuildFile; fileRef = E25AAC83270BB1DB00A0749B /* TabViewManager.swift */; };
		E262BAEB2721805F0057C80C /* Foundation+GoLondon.swift in Sources */ = {isa = PBXBuildFile; fileRef = E262BAEA2721805F0057C80C /* Foundation+GoLondon.swift */; };
		E262BAEC2721805F0057C80C /* Foundation+GoLondon.swift in Sources */ = {isa = PBXBuildFile; fileRef = E262BAEA2721805F0057C80C /* Foundation+GoLondon.swift */; };
		E2AF75902750435500CDD50E /* WidgetKit.framework in Frameworks */ = {isa = PBXBuildFile; fileRef = E2AF758F2750435500CDD50E /* WidgetKit.framework */; platformFilter = maccatalyst; };
		E2AF75922750435500CDD50E /* SwiftUI.framework in Frameworks */ = {isa = PBXBuildFile; fileRef = E2AF75912750435500CDD50E /* SwiftUI.framework */; platformFilter = maccatalyst; };
		E2AF75952750435500CDD50E /* GoLondonWidget.swift in Sources */ = {isa = PBXBuildFile; fileRef = E2AF75942750435500CDD50E /* GoLondonWidget.swift */; };
		E2AF75982750435800CDD50E /* Assets.xcassets in Resources */ = {isa = PBXBuildFile; fileRef = E2AF75972750435800CDD50E /* Assets.xcassets */; };
		E2AF759A2750435800CDD50E /* GoLondonWidget.intentdefinition in Sources */ = {isa = PBXBuildFile; fileRef = E2AF75962750435500CDD50E /* GoLondonWidget.intentdefinition */; };
		E2AF759B2750435800CDD50E /* GoLondonWidget.intentdefinition in Sources */ = {isa = PBXBuildFile; fileRef = E2AF75962750435500CDD50E /* GoLondonWidget.intentdefinition */; };
		E2AF759E2750435800CDD50E /* GoLondonWidgetExtension.appex in Embed App Extensions */ = {isa = PBXBuildFile; fileRef = E2AF758D2750435500CDD50E /* GoLondonWidgetExtension.appex */; settings = {ATTRIBUTES = (RemoveHeadersOnCopy, ); }; };
		E2AF75AD27504BFD00CDD50E /* GoLondonModels in Frameworks */ = {isa = PBXBuildFile; productRef = E2AF75AC27504BFD00CDD50E /* GoLondonModels */; };
		E2B5A0E92751482B00945E47 /* GoLondonAPI in Frameworks */ = {isa = PBXBuildFile; productRef = E2B5A0E82751482B00945E47 /* GoLondonAPI */; };
		E2C165D7270CF26600DC3B16 /* SearchingGif.json in Resources */ = {isa = PBXBuildFile; fileRef = E2C165D6270CF26600DC3B16 /* SearchingGif.json */; };
		E2C165D8270CF26600DC3B16 /* SearchingGif.json in Resources */ = {isa = PBXBuildFile; fileRef = E2C165D6270CF26600DC3B16 /* SearchingGif.json */; };
		E2F890B8270700B000277863 /* Tests_iOS.swift in Sources */ = {isa = PBXBuildFile; fileRef = E2F890B7270700B000277863 /* Tests_iOS.swift */; };
		E2F890BA270700B000277863 /* Tests_iOSLaunchTests.swift in Sources */ = {isa = PBXBuildFile; fileRef = E2F890B9270700B000277863 /* Tests_iOSLaunchTests.swift */; };
		E2F890C4270700B000277863 /* Tests_macOS.swift in Sources */ = {isa = PBXBuildFile; fileRef = E2F890C3270700B000277863 /* Tests_macOS.swift */; };
		E2F890C6270700B000277863 /* Tests_macOSLaunchTests.swift in Sources */ = {isa = PBXBuildFile; fileRef = E2F890C5270700B000277863 /* Tests_macOSLaunchTests.swift */; };
		E2F890C7270700B000277863 /* GaryTubeApp.swift in Sources */ = {isa = PBXBuildFile; fileRef = E2F8909F270700AF00277863 /* GaryTubeApp.swift */; };
		E2F890C8270700B000277863 /* GaryTubeApp.swift in Sources */ = {isa = PBXBuildFile; fileRef = E2F8909F270700AF00277863 /* GaryTubeApp.swift */; };
		E2F890C9270700B000277863 /* ContentView.swift in Sources */ = {isa = PBXBuildFile; fileRef = E2F890A0270700AF00277863 /* ContentView.swift */; };
		E2F890CA270700B000277863 /* ContentView.swift in Sources */ = {isa = PBXBuildFile; fileRef = E2F890A0270700AF00277863 /* ContentView.swift */; };
		E2F890CB270700B000277863 /* Assets.xcassets in Resources */ = {isa = PBXBuildFile; fileRef = E2F890A1270700B000277863 /* Assets.xcassets */; };
		E2F890CC270700B000277863 /* Assets.xcassets in Resources */ = {isa = PBXBuildFile; fileRef = E2F890A1270700B000277863 /* Assets.xcassets */; };
		E2F890E3270706BE00277863 /* Constants.swift in Sources */ = {isa = PBXBuildFile; fileRef = E2F890E2270706BE00277863 /* Constants.swift */; };
		E2F890E4270706BE00277863 /* Constants.swift in Sources */ = {isa = PBXBuildFile; fileRef = E2F890E2270706BE00277863 /* Constants.swift */; };
		E2F890EF2707583400277863 /* Color+GaryTube.swift in Sources */ = {isa = PBXBuildFile; fileRef = E2F890EE2707583400277863 /* Color+GaryTube.swift */; };
		E2F890F02707583400277863 /* Color+GaryTube.swift in Sources */ = {isa = PBXBuildFile; fileRef = E2F890EE2707583400277863 /* Color+GaryTube.swift */; };
		E2F890F227075E3300277863 /* View+GaryTube.swift in Sources */ = {isa = PBXBuildFile; fileRef = E2F890F127075E3300277863 /* View+GaryTube.swift */; };
		E2F890F327075E3300277863 /* View+GaryTube.swift in Sources */ = {isa = PBXBuildFile; fileRef = E2F890F127075E3300277863 /* View+GaryTube.swift */; };
		E2F890F62707639600277863 /* LineStatusView.swift in Sources */ = {isa = PBXBuildFile; fileRef = E2F890F52707639600277863 /* LineStatusView.swift */; };
		E2F890F72707639600277863 /* LineStatusView.swift in Sources */ = {isa = PBXBuildFile; fileRef = E2F890F52707639600277863 /* LineStatusView.swift */; };
		E2F890F92707A6E000277863 /* LinesOverview.swift in Sources */ = {isa = PBXBuildFile; fileRef = E2F890F82707A6E000277863 /* LinesOverview.swift */; };
		E2F890FA2707A6E000277863 /* LinesOverview.swift in Sources */ = {isa = PBXBuildFile; fileRef = E2F890F82707A6E000277863 /* LinesOverview.swift */; };
		E2F890FD270908CE00277863 /* Introspect in Frameworks */ = {isa = PBXBuildFile; productRef = E2F890FC270908CE00277863 /* Introspect */; };
		E2F89100270B87B500277863 /* Lottie in Frameworks */ = {isa = PBXBuildFile; productRef = E2F890FF270B87B500277863 /* Lottie */; };
		E2F89102270B888600277863 /* LottieView.swift in Sources */ = {isa = PBXBuildFile; fileRef = E2F89101270B888600277863 /* LottieView.swift */; };
		E2F89103270B888600277863 /* LottieView.swift in Sources */ = {isa = PBXBuildFile; fileRef = E2F89101270B888600277863 /* LottieView.swift */; };
		E2F89106270B891200277863 /* Dog_Peter.json in Resources */ = {isa = PBXBuildFile; fileRef = E2F89105270B891200277863 /* Dog_Peter.json */; };
		E2F89107270B891200277863 /* Dog_Peter.json in Resources */ = {isa = PBXBuildFile; fileRef = E2F89105270B891200277863 /* Dog_Peter.json */; };
		E2F89109270B896900277863 /* DogGif.swift in Sources */ = {isa = PBXBuildFile; fileRef = E2F89108270B896900277863 /* DogGif.swift */; };
		E2F8910A270B896900277863 /* DogGif.swift in Sources */ = {isa = PBXBuildFile; fileRef = E2F89108270B896900277863 /* DogGif.swift */; };
		E2F8910C270B8BA300277863 /* Dog_Fabio.json in Resources */ = {isa = PBXBuildFile; fileRef = E2F8910B270B8BA300277863 /* Dog_Fabio.json */; };
		E2F8910D270B8BA300277863 /* Dog_Fabio.json in Resources */ = {isa = PBXBuildFile; fileRef = E2F8910B270B8BA300277863 /* Dog_Fabio.json */; };
/* End PBXBuildFile section */

/* Begin PBXContainerItemProxy section */
		E2AF759C2750435800CDD50E /* PBXContainerItemProxy */ = {
			isa = PBXContainerItemProxy;
			containerPortal = E2F8909A270700AF00277863 /* Project object */;
			proxyType = 1;
			remoteGlobalIDString = E2AF758C2750435500CDD50E;
			remoteInfo = GoLondonWidgetExtension;
		};
		E2F890B4270700B000277863 /* PBXContainerItemProxy */ = {
			isa = PBXContainerItemProxy;
			containerPortal = E2F8909A270700AF00277863 /* Project object */;
			proxyType = 1;
			remoteGlobalIDString = E2F890A5270700B000277863;
			remoteInfo = "GaryTube (iOS)";
		};
		E2F890C0270700B000277863 /* PBXContainerItemProxy */ = {
			isa = PBXContainerItemProxy;
			containerPortal = E2F8909A270700AF00277863 /* Project object */;
			proxyType = 1;
			remoteGlobalIDString = E2F890AB270700B000277863;
			remoteInfo = "GaryTube (macOS)";
		};
/* End PBXContainerItemProxy section */

/* Begin PBXCopyFilesBuildPhase section */
		E2AF759F2750435800CDD50E /* Embed App Extensions */ = {
			isa = PBXCopyFilesBuildPhase;
			buildActionMask = 2147483647;
			dstPath = "";
			dstSubfolderSpec = 13;
			files = (
				E2AF759E2750435800CDD50E /* GoLondonWidgetExtension.appex in Embed App Extensions */,
			);
			name = "Embed App Extensions";
			runOnlyForDeploymentPostprocessing = 0;
		};
/* End PBXCopyFilesBuildPhase section */

/* Begin PBXFileReference section */
		E208307A2714A2A900721A73 /* MapView.swift */ = {isa = PBXFileReference; lastKnownFileType = sourcecode.swift; path = MapView.swift; sourceTree = "<group>"; };
		E2111F71270F7F8600672C25 /* LoadingGif.json */ = {isa = PBXFileReference; fileEncoding = 4; lastKnownFileType = text.json; path = LoadingGif.json; sourceTree = "<group>"; };
		E2111F7427103FC600672C25 /* StopPointOverview.swift */ = {isa = PBXFileReference; lastKnownFileType = sourcecode.swift; path = StopPointOverview.swift; sourceTree = "<group>"; };
		E2111F7727104A9000672C25 /* CustomHeaderView.swift */ = {isa = PBXFileReference; lastKnownFileType = sourcecode.swift; path = CustomHeaderView.swift; sourceTree = "<group>"; };
		E2510F97270BBA6200A7AEBE /* UIApplication+GaryGo.swift */ = {isa = PBXFileReference; lastKnownFileType = sourcecode.swift; path = "UIApplication+GaryGo.swift"; sourceTree = "<group>"; };
		E2510F9A270BCA6A00A7AEBE /* DirectionsView.swift */ = {isa = PBXFileReference; lastKnownFileType = sourcecode.swift; path = DirectionsView.swift; sourceTree = "<group>"; };
		E25AAC60270B8E3900A0749B /* Dog_Polly.json */ = {isa = PBXFileReference; fileEncoding = 4; lastKnownFileType = text.json; path = Dog_Polly.json; sourceTree = "<group>"; };
		E25AAC61270B8E3900A0749B /* Dog_Louie.json */ = {isa = PBXFileReference; fileEncoding = 4; lastKnownFileType = text.json; path = Dog_Louie.json; sourceTree = "<group>"; };
		E25AAC62270B8E3900A0749B /* Dog_Rambo.json */ = {isa = PBXFileReference; fileEncoding = 4; lastKnownFileType = text.json; path = Dog_Rambo.json; sourceTree = "<group>"; };
		E25AAC63270B8E3900A0749B /* Dog_Franchesca.json */ = {isa = PBXFileReference; fileEncoding = 4; lastKnownFileType = text.json; path = Dog_Franchesca.json; sourceTree = "<group>"; };
		E25AAC64270B8E3900A0749B /* Dog_Frankie.json */ = {isa = PBXFileReference; fileEncoding = 4; lastKnownFileType = text.json; path = Dog_Frankie.json; sourceTree = "<group>"; };
		E25AAC65270B8E3900A0749B /* Dog_Gromit.json */ = {isa = PBXFileReference; fileEncoding = 4; lastKnownFileType = text.json; path = Dog_Gromit.json; sourceTree = "<group>"; };
		E25AAC66270B8E3900A0749B /* Dog_Tom.json */ = {isa = PBXFileReference; fileEncoding = 4; lastKnownFileType = text.json; path = Dog_Tom.json; sourceTree = "<group>"; };
		E25AAC67270B8E3900A0749B /* Dog_Tutu.json */ = {isa = PBXFileReference; fileEncoding = 4; lastKnownFileType = text.json; path = Dog_Tutu.json; sourceTree = "<group>"; };
		E25AAC68270B8E3900A0749B /* Dog_Wally.json */ = {isa = PBXFileReference; fileEncoding = 4; lastKnownFileType = text.json; path = Dog_Wally.json; sourceTree = "<group>"; };
		E25AAC7C270B935400A0749B /* SoundService.swift */ = {isa = PBXFileReference; lastKnownFileType = sourcecode.swift; path = SoundService.swift; sourceTree = "<group>"; };
		E25AAC80270B94F200A0749B /* dogbark.wav */ = {isa = PBXFileReference; lastKnownFileType = audio.wav; path = dogbark.wav; sourceTree = "<group>"; };
		E25AAC83270BB1DB00A0749B /* TabViewManager.swift */ = {isa = PBXFileReference; lastKnownFileType = sourcecode.swift; path = TabViewManager.swift; sourceTree = "<group>"; };
		E262BAEA2721805F0057C80C /* Foundation+GoLondon.swift */ = {isa = PBXFileReference; lastKnownFileType = sourcecode.swift; path = "Foundation+GoLondon.swift"; sourceTree = "<group>"; };
		E2AF758D2750435500CDD50E /* GoLondonWidgetExtension.appex */ = {isa = PBXFileReference; explicitFileType = "wrapper.app-extension"; includeInIndex = 0; path = GoLondonWidgetExtension.appex; sourceTree = BUILT_PRODUCTS_DIR; };
		E2AF758F2750435500CDD50E /* WidgetKit.framework */ = {isa = PBXFileReference; lastKnownFileType = wrapper.framework; name = WidgetKit.framework; path = System/Library/Frameworks/WidgetKit.framework; sourceTree = SDKROOT; };
		E2AF75912750435500CDD50E /* SwiftUI.framework */ = {isa = PBXFileReference; lastKnownFileType = wrapper.framework; name = SwiftUI.framework; path = System/Library/Frameworks/SwiftUI.framework; sourceTree = SDKROOT; };
		E2AF75942750435500CDD50E /* GoLondonWidget.swift */ = {isa = PBXFileReference; lastKnownFileType = sourcecode.swift; path = GoLondonWidget.swift; sourceTree = "<group>"; };
		E2AF75962750435500CDD50E /* GoLondonWidget.intentdefinition */ = {isa = PBXFileReference; lastKnownFileType = file.intentdefinition; path = GoLondonWidget.intentdefinition; sourceTree = "<group>"; };
		E2AF75972750435800CDD50E /* Assets.xcassets */ = {isa = PBXFileReference; lastKnownFileType = folder.assetcatalog; path = Assets.xcassets; sourceTree = "<group>"; };
		E2AF75992750435800CDD50E /* Info.plist */ = {isa = PBXFileReference; lastKnownFileType = text.plist.xml; path = Info.plist; sourceTree = "<group>"; };
		E2C165D6270CF26600DC3B16 /* SearchingGif.json */ = {isa = PBXFileReference; fileEncoding = 4; lastKnownFileType = text.json; path = SearchingGif.json; sourceTree = "<group>"; };
		E2F8909F270700AF00277863 /* GaryTubeApp.swift */ = {isa = PBXFileReference; lastKnownFileType = sourcecode.swift; path = GaryTubeApp.swift; sourceTree = "<group>"; };
		E2F890A0270700AF00277863 /* ContentView.swift */ = {isa = PBXFileReference; lastKnownFileType = sourcecode.swift; path = ContentView.swift; sourceTree = "<group>"; };
		E2F890A1270700B000277863 /* Assets.xcassets */ = {isa = PBXFileReference; lastKnownFileType = folder.assetcatalog; path = Assets.xcassets; sourceTree = "<group>"; };
		E2F890A6270700B000277863 /* Go London.app */ = {isa = PBXFileReference; explicitFileType = wrapper.application; includeInIndex = 0; path = "Go London.app"; sourceTree = BUILT_PRODUCTS_DIR; };
		E2F890AC270700B000277863 /* Go London.app */ = {isa = PBXFileReference; explicitFileType = wrapper.application; includeInIndex = 0; path = "Go London.app"; sourceTree = BUILT_PRODUCTS_DIR; };
		E2F890AE270700B000277863 /* macOS.entitlements */ = {isa = PBXFileReference; lastKnownFileType = text.plist.entitlements; path = macOS.entitlements; sourceTree = "<group>"; };
		E2F890B3270700B000277863 /* Tests iOS.xctest */ = {isa = PBXFileReference; explicitFileType = wrapper.cfbundle; includeInIndex = 0; path = "Tests iOS.xctest"; sourceTree = BUILT_PRODUCTS_DIR; };
		E2F890B7270700B000277863 /* Tests_iOS.swift */ = {isa = PBXFileReference; lastKnownFileType = sourcecode.swift; path = Tests_iOS.swift; sourceTree = "<group>"; };
		E2F890B9270700B000277863 /* Tests_iOSLaunchTests.swift */ = {isa = PBXFileReference; lastKnownFileType = sourcecode.swift; path = Tests_iOSLaunchTests.swift; sourceTree = "<group>"; };
		E2F890BF270700B000277863 /* Tests macOS.xctest */ = {isa = PBXFileReference; explicitFileType = wrapper.cfbundle; includeInIndex = 0; path = "Tests macOS.xctest"; sourceTree = BUILT_PRODUCTS_DIR; };
		E2F890C3270700B000277863 /* Tests_macOS.swift */ = {isa = PBXFileReference; lastKnownFileType = sourcecode.swift; path = Tests_macOS.swift; sourceTree = "<group>"; };
		E2F890C5270700B000277863 /* Tests_macOSLaunchTests.swift */ = {isa = PBXFileReference; lastKnownFileType = sourcecode.swift; path = Tests_macOSLaunchTests.swift; sourceTree = "<group>"; };
		E2F890E2270706BE00277863 /* Constants.swift */ = {isa = PBXFileReference; lastKnownFileType = sourcecode.swift; path = Constants.swift; sourceTree = "<group>"; };
		E2F890EE2707583400277863 /* Color+GaryTube.swift */ = {isa = PBXFileReference; lastKnownFileType = sourcecode.swift; path = "Color+GaryTube.swift"; sourceTree = "<group>"; };
		E2F890F127075E3300277863 /* View+GaryTube.swift */ = {isa = PBXFileReference; lastKnownFileType = sourcecode.swift; path = "View+GaryTube.swift"; sourceTree = "<group>"; };
		E2F890F52707639600277863 /* LineStatusView.swift */ = {isa = PBXFileReference; lastKnownFileType = sourcecode.swift; path = LineStatusView.swift; sourceTree = "<group>"; };
		E2F890F82707A6E000277863 /* LinesOverview.swift */ = {isa = PBXFileReference; lastKnownFileType = sourcecode.swift; path = LinesOverview.swift; sourceTree = "<group>"; };
		E2F89101270B888600277863 /* LottieView.swift */ = {isa = PBXFileReference; lastKnownFileType = sourcecode.swift; path = LottieView.swift; sourceTree = "<group>"; };
		E2F89105270B891200277863 /* Dog_Peter.json */ = {isa = PBXFileReference; fileEncoding = 4; lastKnownFileType = text.json; path = Dog_Peter.json; sourceTree = "<group>"; };
		E2F89108270B896900277863 /* DogGif.swift */ = {isa = PBXFileReference; lastKnownFileType = sourcecode.swift; path = DogGif.swift; sourceTree = "<group>"; };
		E2F8910B270B8BA300277863 /* Dog_Fabio.json */ = {isa = PBXFileReference; fileEncoding = 4; lastKnownFileType = text.json; path = Dog_Fabio.json; sourceTree = "<group>"; };
/* End PBXFileReference section */

/* Begin PBXFrameworksBuildPhase section */
		E2AF758A2750435500CDD50E /* Frameworks */ = {
			isa = PBXFrameworksBuildPhase;
			buildActionMask = 2147483647;
			files = (
				E2AF75922750435500CDD50E /* SwiftUI.framework in Frameworks */,
				E2AF75902750435500CDD50E /* WidgetKit.framework in Frameworks */,
			);
			runOnlyForDeploymentPostprocessing = 0;
		};
		E2F890A3270700B000277863 /* Frameworks */ = {
			isa = PBXFrameworksBuildPhase;
			buildActionMask = 2147483647;
			files = (
				E2F890FD270908CE00277863 /* Introspect in Frameworks */,
				E2B5A0E92751482B00945E47 /* GoLondonAPI in Frameworks */,
				E2F89100270B87B500277863 /* Lottie in Frameworks */,
				E2AF75AD27504BFD00CDD50E /* GoLondonModels in Frameworks */,
			);
			runOnlyForDeploymentPostprocessing = 0;
		};
		E2F890A9270700B000277863 /* Frameworks */ = {
			isa = PBXFrameworksBuildPhase;
			buildActionMask = 2147483647;
			files = (
			);
			runOnlyForDeploymentPostprocessing = 0;
		};
		E2F890B0270700B000277863 /* Frameworks */ = {
			isa = PBXFrameworksBuildPhase;
			buildActionMask = 2147483647;
			files = (
			);
			runOnlyForDeploymentPostprocessing = 0;
		};
		E2F890BC270700B000277863 /* Frameworks */ = {
			isa = PBXFrameworksBuildPhase;
			buildActionMask = 2147483647;
			files = (
			);
			runOnlyForDeploymentPostprocessing = 0;
		};
/* End PBXFrameworksBuildPhase section */

/* Begin PBXGroup section */
		E25AAC7B270B932200A0749B /* Assets */ = {
			isa = PBXGroup;
			children = (
				E25AAC7F270B947C00A0749B /* Sounds */,
				E2F890A1270700B000277863 /* Assets.xcassets */,
				E2F890E2270706BE00277863 /* Constants.swift */,
				E2F89108270B896900277863 /* DogGif.swift */,
				E25AAC7C270B935400A0749B /* SoundService.swift */,
				E25AAC83270BB1DB00A0749B /* TabViewManager.swift */,
			);
			path = Assets;
			sourceTree = "<group>";
		};
		E25AAC7F270B947C00A0749B /* Sounds */ = {
			isa = PBXGroup;
			children = (
				E25AAC80270B94F200A0749B /* dogbark.wav */,
			);
			path = Sounds;
			sourceTree = "<group>";
		};
		E2AF758E2750435500CDD50E /* Frameworks */ = {
			isa = PBXGroup;
			children = (
				E2AF758F2750435500CDD50E /* WidgetKit.framework */,
				E2AF75912750435500CDD50E /* SwiftUI.framework */,
			);
			name = Frameworks;
			sourceTree = "<group>";
		};
		E2AF75932750435500CDD50E /* GoLondonWidget */ = {
			isa = PBXGroup;
			children = (
				E2AF75942750435500CDD50E /* GoLondonWidget.swift */,
				E2AF75962750435500CDD50E /* GoLondonWidget.intentdefinition */,
				E2AF75972750435800CDD50E /* Assets.xcassets */,
				E2AF75992750435800CDD50E /* Info.plist */,
			);
			path = GoLondonWidget;
			sourceTree = "<group>";
		};
		E2F89099270700AF00277863 = {
			isa = PBXGroup;
			children = (
				E2F8909E270700AF00277863 /* Shared */,
				E2F890AD270700B000277863 /* macOS */,
				E2F890B6270700B000277863 /* Tests iOS */,
				E2F890C2270700B000277863 /* Tests macOS */,
				E2AF75932750435500CDD50E /* GoLondonWidget */,
				E2AF758E2750435500CDD50E /* Frameworks */,
				E2F890A7270700B000277863 /* Products */,
			);
			sourceTree = "<group>";
		};
		E2F8909E270700AF00277863 /* Shared */ = {
			isa = PBXGroup;
			children = (
				E25AAC7B270B932200A0749B /* Assets */,
				E2F89104270B890800277863 /* Lottie */,
				E2F890F42707638400277863 /* Views */,
				E2F890ED2707582600277863 /* Extensions */,
				E2F8909F270700AF00277863 /* GaryTubeApp.swift */,
			);
			path = Shared;
			sourceTree = "<group>";
		};
		E2F890A7270700B000277863 /* Products */ = {
			isa = PBXGroup;
			children = (
				E2F890A6270700B000277863 /* Go London.app */,
				E2F890AC270700B000277863 /* Go London.app */,
				E2F890B3270700B000277863 /* Tests iOS.xctest */,
				E2F890BF270700B000277863 /* Tests macOS.xctest */,
				E2AF758D2750435500CDD50E /* GoLondonWidgetExtension.appex */,
			);
			name = Products;
			sourceTree = "<group>";
		};
		E2F890AD270700B000277863 /* macOS */ = {
			isa = PBXGroup;
			children = (
				E2F890AE270700B000277863 /* macOS.entitlements */,
			);
			path = macOS;
			sourceTree = "<group>";
		};
		E2F890B6270700B000277863 /* Tests iOS */ = {
			isa = PBXGroup;
			children = (
				E2F890B7270700B000277863 /* Tests_iOS.swift */,
				E2F890B9270700B000277863 /* Tests_iOSLaunchTests.swift */,
			);
			path = "Tests iOS";
			sourceTree = "<group>";
		};
		E2F890C2270700B000277863 /* Tests macOS */ = {
			isa = PBXGroup;
			children = (
				E2F890C3270700B000277863 /* Tests_macOS.swift */,
				E2F890C5270700B000277863 /* Tests_macOSLaunchTests.swift */,
			);
			path = "Tests macOS";
			sourceTree = "<group>";
		};
		E2F890ED2707582600277863 /* Extensions */ = {
			isa = PBXGroup;
			children = (
				E2F890EE2707583400277863 /* Color+GaryTube.swift */,
				E2F890F127075E3300277863 /* View+GaryTube.swift */,
				E2510F97270BBA6200A7AEBE /* UIApplication+GaryGo.swift */,
				E262BAEA2721805F0057C80C /* Foundation+GoLondon.swift */,
			);
			path = Extensions;
			sourceTree = "<group>";
		};
		E2F890F42707638400277863 /* Views */ = {
			isa = PBXGroup;
			children = (
				E2F890A0270700AF00277863 /* ContentView.swift */,
				E2F890F52707639600277863 /* LineStatusView.swift */,
				E2F890F82707A6E000277863 /* LinesOverview.swift */,
				E2F89101270B888600277863 /* LottieView.swift */,
				E2510F9A270BCA6A00A7AEBE /* DirectionsView.swift */,
				E2111F7427103FC600672C25 /* StopPointOverview.swift */,
				E2111F7727104A9000672C25 /* CustomHeaderView.swift */,
				E208307A2714A2A900721A73 /* MapView.swift */,
			);
			path = Views;
			sourceTree = "<group>";
		};
		E2F89104270B890800277863 /* Lottie */ = {
			isa = PBXGroup;
			children = (
				E2111F71270F7F8600672C25 /* LoadingGif.json */,
				E2C165D6270CF26600DC3B16 /* SearchingGif.json */,
				E25AAC63270B8E3900A0749B /* Dog_Franchesca.json */,
				E25AAC64270B8E3900A0749B /* Dog_Frankie.json */,
				E25AAC65270B8E3900A0749B /* Dog_Gromit.json */,
				E25AAC61270B8E3900A0749B /* Dog_Louie.json */,
				E25AAC60270B8E3900A0749B /* Dog_Polly.json */,
				E25AAC62270B8E3900A0749B /* Dog_Rambo.json */,
				E25AAC66270B8E3900A0749B /* Dog_Tom.json */,
				E25AAC67270B8E3900A0749B /* Dog_Tutu.json */,
				E25AAC68270B8E3900A0749B /* Dog_Wally.json */,
				E2F8910B270B8BA300277863 /* Dog_Fabio.json */,
				E2F89105270B891200277863 /* Dog_Peter.json */,
			);
			path = Lottie;
			sourceTree = "<group>";
		};
/* End PBXGroup section */

/* Begin PBXNativeTarget section */
		E2AF758C2750435500CDD50E /* GoLondonWidgetExtension */ = {
			isa = PBXNativeTarget;
			buildConfigurationList = E2AF75A22750435800CDD50E /* Build configuration list for PBXNativeTarget "GoLondonWidgetExtension" */;
			buildPhases = (
				E2AF75892750435500CDD50E /* Sources */,
				E2AF758A2750435500CDD50E /* Frameworks */,
				E2AF758B2750435500CDD50E /* Resources */,
			);
			buildRules = (
			);
			dependencies = (
			);
			name = GoLondonWidgetExtension;
			packageProductDependencies = (
			);
			productName = GoLondonWidgetExtension;
			productReference = E2AF758D2750435500CDD50E /* GoLondonWidgetExtension.appex */;
			productType = "com.apple.product-type.app-extension";
		};
		E2F890A5270700B000277863 /* Go London (iOS) */ = {
			isa = PBXNativeTarget;
			buildConfigurationList = E2F890CF270700B000277863 /* Build configuration list for PBXNativeTarget "Go London (iOS)" */;
			buildPhases = (
				E2F890A2270700B000277863 /* Sources */,
				E2F890A3270700B000277863 /* Frameworks */,
				E2F890A4270700B000277863 /* Resources */,
				E2AF759F2750435800CDD50E /* Embed App Extensions */,
			);
			buildRules = (
			);
			dependencies = (
				E2AF759D2750435800CDD50E /* PBXTargetDependency */,
			);
			name = "Go London (iOS)";
			packageProductDependencies = (
				E2F890FC270908CE00277863 /* Introspect */,
				E2F890FF270B87B500277863 /* Lottie */,
				E2AF75AC27504BFD00CDD50E /* GoLondonModels */,
				E2B5A0E82751482B00945E47 /* GoLondonAPI */,
			);
			productName = "GaryTube (iOS)";
			productReference = E2F890A6270700B000277863 /* Go London.app */;
			productType = "com.apple.product-type.application";
		};
		E2F890AB270700B000277863 /* Go London (macOS) */ = {
			isa = PBXNativeTarget;
			buildConfigurationList = E2F890D2270700B000277863 /* Build configuration list for PBXNativeTarget "Go London (macOS)" */;
			buildPhases = (
				E2F890A8270700B000277863 /* Sources */,
				E2F890A9270700B000277863 /* Frameworks */,
				E2F890AA270700B000277863 /* Resources */,
			);
			buildRules = (
			);
			dependencies = (
			);
			name = "Go London (macOS)";
			productName = "GaryTube (macOS)";
			productReference = E2F890AC270700B000277863 /* Go London.app */;
			productType = "com.apple.product-type.application";
		};
		E2F890B2270700B000277863 /* Tests iOS */ = {
			isa = PBXNativeTarget;
			buildConfigurationList = E2F890D5270700B000277863 /* Build configuration list for PBXNativeTarget "Tests iOS" */;
			buildPhases = (
				E2F890AF270700B000277863 /* Sources */,
				E2F890B0270700B000277863 /* Frameworks */,
				E2F890B1270700B000277863 /* Resources */,
			);
			buildRules = (
			);
			dependencies = (
				E2F890B5270700B000277863 /* PBXTargetDependency */,
			);
			name = "Tests iOS";
			productName = "Tests iOS";
			productReference = E2F890B3270700B000277863 /* Tests iOS.xctest */;
			productType = "com.apple.product-type.bundle.ui-testing";
		};
		E2F890BE270700B000277863 /* Tests macOS */ = {
			isa = PBXNativeTarget;
			buildConfigurationList = E2F890D8270700B000277863 /* Build configuration list for PBXNativeTarget "Tests macOS" */;
			buildPhases = (
				E2F890BB270700B000277863 /* Sources */,
				E2F890BC270700B000277863 /* Frameworks */,
				E2F890BD270700B000277863 /* Resources */,
			);
			buildRules = (
			);
			dependencies = (
				E2F890C1270700B000277863 /* PBXTargetDependency */,
			);
			name = "Tests macOS";
			productName = "Tests macOS";
			productReference = E2F890BF270700B000277863 /* Tests macOS.xctest */;
			productType = "com.apple.product-type.bundle.ui-testing";
		};
/* End PBXNativeTarget section */

/* Begin PBXProject section */
		E2F8909A270700AF00277863 /* Project object */ = {
			isa = PBXProject;
			attributes = {
				BuildIndependentTargetsInParallel = 1;
				LastSwiftUpdateCheck = 1300;
				LastUpgradeCheck = 1300;
				TargetAttributes = {
					E2AF758C2750435500CDD50E = {
						CreatedOnToolsVersion = 13.0;
					};
					E2F890A5270700B000277863 = {
						CreatedOnToolsVersion = 13.0;
					};
					E2F890AB270700B000277863 = {
						CreatedOnToolsVersion = 13.0;
					};
					E2F890B2270700B000277863 = {
						CreatedOnToolsVersion = 13.0;
						TestTargetID = E2F890A5270700B000277863;
					};
					E2F890BE270700B000277863 = {
						CreatedOnToolsVersion = 13.0;
						TestTargetID = E2F890AB270700B000277863;
					};
				};
			};
			buildConfigurationList = E2F8909D270700AF00277863 /* Build configuration list for PBXProject "Go London" */;
			compatibilityVersion = "Xcode 13.0";
			developmentRegion = en;
			hasScannedForEncodings = 0;
			knownRegions = (
				en,
				Base,
			);
			mainGroup = E2F89099270700AF00277863;
			packageReferences = (
				E2F890FB270908CE00277863 /* XCRemoteSwiftPackageReference "SwiftUI-Introspect" */,
				E2F890FE270B87B500277863 /* XCRemoteSwiftPackageReference "lottie-ios" */,
				E2B5A0E72751482B00945E47 /* XCRemoteSwiftPackageReference "GoLondonAPI" */,
			);
			productRefGroup = E2F890A7270700B000277863 /* Products */;
			projectDirPath = "";
			projectRoot = "";
			targets = (
				E2F890A5270700B000277863 /* Go London (iOS) */,
				E2F890AB270700B000277863 /* Go London (macOS) */,
				E2F890B2270700B000277863 /* Tests iOS */,
				E2F890BE270700B000277863 /* Tests macOS */,
				E2AF758C2750435500CDD50E /* GoLondonWidgetExtension */,
			);
		};
/* End PBXProject section */

/* Begin PBXResourcesBuildPhase section */
		E2AF758B2750435500CDD50E /* Resources */ = {
			isa = PBXResourcesBuildPhase;
			buildActionMask = 2147483647;
			files = (
				E2AF75982750435800CDD50E /* Assets.xcassets in Resources */,
			);
			runOnlyForDeploymentPostprocessing = 0;
		};
		E2F890A4270700B000277863 /* Resources */ = {
			isa = PBXResourcesBuildPhase;
			buildActionMask = 2147483647;
			files = (
				E2F890CB270700B000277863 /* Assets.xcassets in Resources */,
				E2C165D7270CF26600DC3B16 /* SearchingGif.json in Resources */,
				E25AAC71270B8E3900A0749B /* Dog_Frankie.json in Resources */,
				E25AAC77270B8E3900A0749B /* Dog_Tutu.json in Resources */,
				E25AAC6F270B8E3900A0749B /* Dog_Franchesca.json in Resources */,
				E25AAC79270B8E3900A0749B /* Dog_Wally.json in Resources */,
				E2F8910C270B8BA300277863 /* Dog_Fabio.json in Resources */,
				E25AAC81270B94F200A0749B /* dogbark.wav in Resources */,
				E25AAC73270B8E3900A0749B /* Dog_Gromit.json in Resources */,
				E25AAC75270B8E3900A0749B /* Dog_Tom.json in Resources */,
				E25AAC6D270B8E3900A0749B /* Dog_Rambo.json in Resources */,
				E2111F72270F7F8600672C25 /* LoadingGif.json in Resources */,
				E2F89106270B891200277863 /* Dog_Peter.json in Resources */,
				E25AAC6B270B8E3900A0749B /* Dog_Louie.json in Resources */,
				E25AAC69270B8E3900A0749B /* Dog_Polly.json in Resources */,
			);
			runOnlyForDeploymentPostprocessing = 0;
		};
		E2F890AA270700B000277863 /* Resources */ = {
			isa = PBXResourcesBuildPhase;
			buildActionMask = 2147483647;
			files = (
				E2F890CC270700B000277863 /* Assets.xcassets in Resources */,
				E2C165D8270CF26600DC3B16 /* SearchingGif.json in Resources */,
				E25AAC72270B8E3900A0749B /* Dog_Frankie.json in Resources */,
				E25AAC78270B8E3900A0749B /* Dog_Tutu.json in Resources */,
				E25AAC70270B8E3900A0749B /* Dog_Franchesca.json in Resources */,
				E25AAC7A270B8E3900A0749B /* Dog_Wally.json in Resources */,
				E2F8910D270B8BA300277863 /* Dog_Fabio.json in Resources */,
				E25AAC82270B94F200A0749B /* dogbark.wav in Resources */,
				E25AAC74270B8E3900A0749B /* Dog_Gromit.json in Resources */,
				E25AAC76270B8E3900A0749B /* Dog_Tom.json in Resources */,
				E25AAC6E270B8E3900A0749B /* Dog_Rambo.json in Resources */,
				E2111F73270F7F8600672C25 /* LoadingGif.json in Resources */,
				E2F89107270B891200277863 /* Dog_Peter.json in Resources */,
				E25AAC6C270B8E3900A0749B /* Dog_Louie.json in Resources */,
				E25AAC6A270B8E3900A0749B /* Dog_Polly.json in Resources */,
			);
			runOnlyForDeploymentPostprocessing = 0;
		};
		E2F890B1270700B000277863 /* Resources */ = {
			isa = PBXResourcesBuildPhase;
			buildActionMask = 2147483647;
			files = (
			);
			runOnlyForDeploymentPostprocessing = 0;
		};
		E2F890BD270700B000277863 /* Resources */ = {
			isa = PBXResourcesBuildPhase;
			buildActionMask = 2147483647;
			files = (
			);
			runOnlyForDeploymentPostprocessing = 0;
		};
/* End PBXResourcesBuildPhase section */

/* Begin PBXSourcesBuildPhase section */
		E2AF75892750435500CDD50E /* Sources */ = {
			isa = PBXSourcesBuildPhase;
			buildActionMask = 2147483647;
			files = (
				E2AF759A2750435800CDD50E /* GoLondonWidget.intentdefinition in Sources */,
				E2AF75952750435500CDD50E /* GoLondonWidget.swift in Sources */,
			);
			runOnlyForDeploymentPostprocessing = 0;
		};
		E2F890A2270700B000277863 /* Sources */ = {
			isa = PBXSourcesBuildPhase;
			buildActionMask = 2147483647;
			files = (
				E2F89109270B896900277863 /* DogGif.swift in Sources */,
				E2111F7827104A9000672C25 /* CustomHeaderView.swift in Sources */,
				E2F890E3270706BE00277863 /* Constants.swift in Sources */,
				E208307B2714A2A900721A73 /* MapView.swift in Sources */,
				E2F890C9270700B000277863 /* ContentView.swift in Sources */,
				E262BAEB2721805F0057C80C /* Foundation+GoLondon.swift in Sources */,
				E2F890F92707A6E000277863 /* LinesOverview.swift in Sources */,
				E2F890EF2707583400277863 /* Color+GaryTube.swift in Sources */,
				E2F890C7270700B000277863 /* GaryTubeApp.swift in Sources */,
				E2510F9B270BCA6A00A7AEBE /* DirectionsView.swift in Sources */,
				E2AF759B2750435800CDD50E /* GoLondonWidget.intentdefinition in Sources */,
				E2F890F62707639600277863 /* LineStatusView.swift in Sources */,
				E25AAC7D270B935400A0749B /* SoundService.swift in Sources */,
				E2510F98270BBA6200A7AEBE /* UIApplication+GaryGo.swift in Sources */,
				E2F890F227075E3300277863 /* View+GaryTube.swift in Sources */,
				E2111F7527103FC600672C25 /* StopPointOverview.swift in Sources */,
				E25AAC84270BB1DB00A0749B /* TabViewManager.swift in Sources */,
				E2F89102270B888600277863 /* LottieView.swift in Sources */,
			);
			runOnlyForDeploymentPostprocessing = 0;
		};
		E2F890A8270700B000277863 /* Sources */ = {
			isa = PBXSourcesBuildPhase;
			buildActionMask = 2147483647;
			files = (
				E2F8910A270B896900277863 /* DogGif.swift in Sources */,
				E2111F7927104A9000672C25 /* CustomHeaderView.swift in Sources */,
				E2F890CA270700B000277863 /* ContentView.swift in Sources */,
				E208307C2714A2A900721A73 /* MapView.swift in Sources */,
				E262BAEC2721805F0057C80C /* Foundation+GoLondon.swift in Sources */,
				E2F890C8270700B000277863 /* GaryTubeApp.swift in Sources */,
				E2F890FA2707A6E000277863 /* LinesOverview.swift in Sources */,
				E2F890E4270706BE00277863 /* Constants.swift in Sources */,
				E2F890F02707583400277863 /* Color+GaryTube.swift in Sources */,
				E2510F9C270BCA6A00A7AEBE /* DirectionsView.swift in Sources */,
				E2F890F72707639600277863 /* LineStatusView.swift in Sources */,
				E25AAC7E270B935400A0749B /* SoundService.swift in Sources */,
				E2510F99270BBA6200A7AEBE /* UIApplication+GaryGo.swift in Sources */,
				E2F890F327075E3300277863 /* View+GaryTube.swift in Sources */,
				E2111F7627103FC600672C25 /* StopPointOverview.swift in Sources */,
				E25AAC85270BB1DB00A0749B /* TabViewManager.swift in Sources */,
				E2F89103270B888600277863 /* LottieView.swift in Sources */,
			);
			runOnlyForDeploymentPostprocessing = 0;
		};
		E2F890AF270700B000277863 /* Sources */ = {
			isa = PBXSourcesBuildPhase;
			buildActionMask = 2147483647;
			files = (
				E2F890BA270700B000277863 /* Tests_iOSLaunchTests.swift in Sources */,
				E2F890B8270700B000277863 /* Tests_iOS.swift in Sources */,
			);
			runOnlyForDeploymentPostprocessing = 0;
		};
		E2F890BB270700B000277863 /* Sources */ = {
			isa = PBXSourcesBuildPhase;
			buildActionMask = 2147483647;
			files = (
				E2F890C6270700B000277863 /* Tests_macOSLaunchTests.swift in Sources */,
				E2F890C4270700B000277863 /* Tests_macOS.swift in Sources */,
			);
			runOnlyForDeploymentPostprocessing = 0;
		};
/* End PBXSourcesBuildPhase section */

/* Begin PBXTargetDependency section */
		E2AF759D2750435800CDD50E /* PBXTargetDependency */ = {
			isa = PBXTargetDependency;
			target = E2AF758C2750435500CDD50E /* GoLondonWidgetExtension */;
			targetProxy = E2AF759C2750435800CDD50E /* PBXContainerItemProxy */;
		};
		E2F890B5270700B000277863 /* PBXTargetDependency */ = {
			isa = PBXTargetDependency;
			target = E2F890A5270700B000277863 /* Go London (iOS) */;
			targetProxy = E2F890B4270700B000277863 /* PBXContainerItemProxy */;
		};
		E2F890C1270700B000277863 /* PBXTargetDependency */ = {
			isa = PBXTargetDependency;
			target = E2F890AB270700B000277863 /* Go London (macOS) */;
			targetProxy = E2F890C0270700B000277863 /* PBXContainerItemProxy */;
		};
/* End PBXTargetDependency section */

/* Begin XCBuildConfiguration section */
		E2AF75A02750435800CDD50E /* Debug */ = {
			isa = XCBuildConfiguration;
			buildSettings = {
				ASSETCATALOG_COMPILER_GLOBAL_ACCENT_COLOR_NAME = AccentColor;
				ASSETCATALOG_COMPILER_WIDGET_BACKGROUND_COLOR_NAME = WidgetBackground;
				CODE_SIGN_STYLE = Automatic;
				CURRENT_PROJECT_VERSION = 1;
				DEVELOPMENT_TEAM = 8H3J46CN24;
				GENERATE_INFOPLIST_FILE = YES;
				INFOPLIST_FILE = GoLondonWidget/Info.plist;
				INFOPLIST_KEY_CFBundleDisplayName = GoLondonWidget;
				INFOPLIST_KEY_NSHumanReadableCopyright = "";
				IPHONEOS_DEPLOYMENT_TARGET = 15.0;
				LD_RUNPATH_SEARCH_PATHS = (
					"$(inherited)",
					"@executable_path/Frameworks",
					"@executable_path/../../Frameworks",
				);
				MARKETING_VERSION = 1.0;
				PRODUCT_BUNDLE_IDENTIFIER = online.tomk.GoLondon.GoLondonWidget;
				PRODUCT_NAME = "$(TARGET_NAME)";
				SDKROOT = iphoneos;
				SKIP_INSTALL = YES;
				SWIFT_EMIT_LOC_STRINGS = YES;
				SWIFT_VERSION = 5.0;
				TARGETED_DEVICE_FAMILY = "1,2";
			};
			name = Debug;
		};
		E2AF75A12750435800CDD50E /* Release */ = {
			isa = XCBuildConfiguration;
			buildSettings = {
				ASSETCATALOG_COMPILER_GLOBAL_ACCENT_COLOR_NAME = AccentColor;
				ASSETCATALOG_COMPILER_WIDGET_BACKGROUND_COLOR_NAME = WidgetBackground;
				CODE_SIGN_STYLE = Automatic;
				CURRENT_PROJECT_VERSION = 1;
				DEVELOPMENT_TEAM = 8H3J46CN24;
				GENERATE_INFOPLIST_FILE = YES;
				INFOPLIST_FILE = GoLondonWidget/Info.plist;
				INFOPLIST_KEY_CFBundleDisplayName = GoLondonWidget;
				INFOPLIST_KEY_NSHumanReadableCopyright = "";
				IPHONEOS_DEPLOYMENT_TARGET = 15.0;
				LD_RUNPATH_SEARCH_PATHS = (
					"$(inherited)",
					"@executable_path/Frameworks",
					"@executable_path/../../Frameworks",
				);
				MARKETING_VERSION = 1.0;
				PRODUCT_BUNDLE_IDENTIFIER = online.tomk.GoLondon.GoLondonWidget;
				PRODUCT_NAME = "$(TARGET_NAME)";
				SDKROOT = iphoneos;
				SKIP_INSTALL = YES;
				SWIFT_EMIT_LOC_STRINGS = YES;
				SWIFT_VERSION = 5.0;
				TARGETED_DEVICE_FAMILY = "1,2";
				VALIDATE_PRODUCT = YES;
			};
			name = Release;
		};
		E2F890CD270700B000277863 /* Debug */ = {
			isa = XCBuildConfiguration;
			buildSettings = {
				ALWAYS_SEARCH_USER_PATHS = NO;
				CLANG_ANALYZER_NONNULL = YES;
				CLANG_ANALYZER_NUMBER_OBJECT_CONVERSION = YES_AGGRESSIVE;
				CLANG_CXX_LANGUAGE_STANDARD = "gnu++17";
				CLANG_CXX_LIBRARY = "libc++";
				CLANG_ENABLE_MODULES = YES;
				CLANG_ENABLE_OBJC_ARC = YES;
				CLANG_ENABLE_OBJC_WEAK = YES;
				CLANG_WARN_BLOCK_CAPTURE_AUTORELEASING = YES;
				CLANG_WARN_BOOL_CONVERSION = YES;
				CLANG_WARN_COMMA = YES;
				CLANG_WARN_CONSTANT_CONVERSION = YES;
				CLANG_WARN_DEPRECATED_OBJC_IMPLEMENTATIONS = YES;
				CLANG_WARN_DIRECT_OBJC_ISA_USAGE = YES_ERROR;
				CLANG_WARN_DOCUMENTATION_COMMENTS = YES;
				CLANG_WARN_EMPTY_BODY = YES;
				CLANG_WARN_ENUM_CONVERSION = YES;
				CLANG_WARN_INFINITE_RECURSION = YES;
				CLANG_WARN_INT_CONVERSION = YES;
				CLANG_WARN_NON_LITERAL_NULL_CONVERSION = YES;
				CLANG_WARN_OBJC_IMPLICIT_RETAIN_SELF = YES;
				CLANG_WARN_OBJC_LITERAL_CONVERSION = YES;
				CLANG_WARN_OBJC_ROOT_CLASS = YES_ERROR;
				CLANG_WARN_QUOTED_INCLUDE_IN_FRAMEWORK_HEADER = YES;
				CLANG_WARN_RANGE_LOOP_ANALYSIS = YES;
				CLANG_WARN_STRICT_PROTOTYPES = YES;
				CLANG_WARN_SUSPICIOUS_MOVE = YES;
				CLANG_WARN_UNGUARDED_AVAILABILITY = YES_AGGRESSIVE;
				CLANG_WARN_UNREACHABLE_CODE = YES;
				CLANG_WARN__DUPLICATE_METHOD_MATCH = YES;
				COPY_PHASE_STRIP = NO;
				DEBUG_INFORMATION_FORMAT = dwarf;
				ENABLE_STRICT_OBJC_MSGSEND = YES;
				ENABLE_TESTABILITY = YES;
				GCC_C_LANGUAGE_STANDARD = gnu11;
				GCC_DYNAMIC_NO_PIC = NO;
				GCC_NO_COMMON_BLOCKS = YES;
				GCC_OPTIMIZATION_LEVEL = 0;
				GCC_PREPROCESSOR_DEFINITIONS = (
					"DEBUG=1",
					"$(inherited)",
				);
				GCC_WARN_64_TO_32_BIT_CONVERSION = YES;
				GCC_WARN_ABOUT_RETURN_TYPE = YES_ERROR;
				GCC_WARN_UNDECLARED_SELECTOR = YES;
				GCC_WARN_UNINITIALIZED_AUTOS = YES_AGGRESSIVE;
				GCC_WARN_UNUSED_FUNCTION = YES;
				GCC_WARN_UNUSED_VARIABLE = YES;
				MTL_ENABLE_DEBUG_INFO = INCLUDE_SOURCE;
				MTL_FAST_MATH = YES;
				ONLY_ACTIVE_ARCH = YES;
				SWIFT_ACTIVE_COMPILATION_CONDITIONS = DEBUG;
				SWIFT_OPTIMIZATION_LEVEL = "-Onone";
			};
			name = Debug;
		};
		E2F890CE270700B000277863 /* Release */ = {
			isa = XCBuildConfiguration;
			buildSettings = {
				ALWAYS_SEARCH_USER_PATHS = NO;
				CLANG_ANALYZER_NONNULL = YES;
				CLANG_ANALYZER_NUMBER_OBJECT_CONVERSION = YES_AGGRESSIVE;
				CLANG_CXX_LANGUAGE_STANDARD = "gnu++17";
				CLANG_CXX_LIBRARY = "libc++";
				CLANG_ENABLE_MODULES = YES;
				CLANG_ENABLE_OBJC_ARC = YES;
				CLANG_ENABLE_OBJC_WEAK = YES;
				CLANG_WARN_BLOCK_CAPTURE_AUTORELEASING = YES;
				CLANG_WARN_BOOL_CONVERSION = YES;
				CLANG_WARN_COMMA = YES;
				CLANG_WARN_CONSTANT_CONVERSION = YES;
				CLANG_WARN_DEPRECATED_OBJC_IMPLEMENTATIONS = YES;
				CLANG_WARN_DIRECT_OBJC_ISA_USAGE = YES_ERROR;
				CLANG_WARN_DOCUMENTATION_COMMENTS = YES;
				CLANG_WARN_EMPTY_BODY = YES;
				CLANG_WARN_ENUM_CONVERSION = YES;
				CLANG_WARN_INFINITE_RECURSION = YES;
				CLANG_WARN_INT_CONVERSION = YES;
				CLANG_WARN_NON_LITERAL_NULL_CONVERSION = YES;
				CLANG_WARN_OBJC_IMPLICIT_RETAIN_SELF = YES;
				CLANG_WARN_OBJC_LITERAL_CONVERSION = YES;
				CLANG_WARN_OBJC_ROOT_CLASS = YES_ERROR;
				CLANG_WARN_QUOTED_INCLUDE_IN_FRAMEWORK_HEADER = YES;
				CLANG_WARN_RANGE_LOOP_ANALYSIS = YES;
				CLANG_WARN_STRICT_PROTOTYPES = YES;
				CLANG_WARN_SUSPICIOUS_MOVE = YES;
				CLANG_WARN_UNGUARDED_AVAILABILITY = YES_AGGRESSIVE;
				CLANG_WARN_UNREACHABLE_CODE = YES;
				CLANG_WARN__DUPLICATE_METHOD_MATCH = YES;
				COPY_PHASE_STRIP = NO;
				DEBUG_INFORMATION_FORMAT = "dwarf-with-dsym";
				ENABLE_NS_ASSERTIONS = NO;
				ENABLE_STRICT_OBJC_MSGSEND = YES;
				GCC_C_LANGUAGE_STANDARD = gnu11;
				GCC_NO_COMMON_BLOCKS = YES;
				GCC_WARN_64_TO_32_BIT_CONVERSION = YES;
				GCC_WARN_ABOUT_RETURN_TYPE = YES_ERROR;
				GCC_WARN_UNDECLARED_SELECTOR = YES;
				GCC_WARN_UNINITIALIZED_AUTOS = YES_AGGRESSIVE;
				GCC_WARN_UNUSED_FUNCTION = YES;
				GCC_WARN_UNUSED_VARIABLE = YES;
				MTL_ENABLE_DEBUG_INFO = NO;
				MTL_FAST_MATH = YES;
				SWIFT_COMPILATION_MODE = wholemodule;
				SWIFT_OPTIMIZATION_LEVEL = "-O";
			};
			name = Release;
		};
		E2F890D0270700B000277863 /* Debug */ = {
			isa = XCBuildConfiguration;
			buildSettings = {
				ALWAYS_EMBED_SWIFT_STANDARD_LIBRARIES = YES;
				ASSETCATALOG_COMPILER_APPICON_NAME = AppIcon;
				ASSETCATALOG_COMPILER_GLOBAL_ACCENT_COLOR_NAME = AccentColor;
				CODE_SIGN_STYLE = Automatic;
				CURRENT_PROJECT_VERSION = 1;
				DEVELOPMENT_TEAM = 8H3J46CN24;
				ENABLE_PREVIEWS = YES;
				GENERATE_INFOPLIST_FILE = YES;
				INFOPLIST_FILE = "Go-London--iOS--Info.plist";
				INFOPLIST_KEY_NSLocationAlwaysAndWhenInUseUsageDescription = Location;
				INFOPLIST_KEY_NSLocationAlwaysUsageDescription = Location;
				INFOPLIST_KEY_NSLocationUsageDescription = Location;
				INFOPLIST_KEY_NSLocationWhenInUseUsageDescription = Location;
				INFOPLIST_KEY_UIApplicationSceneManifest_Generation = YES;
				INFOPLIST_KEY_UIApplicationSupportsIndirectInputEvents = YES;
				INFOPLIST_KEY_UILaunchScreen_Generation = YES;
				INFOPLIST_KEY_UISupportedInterfaceOrientations_iPad = "UIInterfaceOrientationPortrait UIInterfaceOrientationPortraitUpsideDown UIInterfaceOrientationLandscapeLeft UIInterfaceOrientationLandscapeRight";
				INFOPLIST_KEY_UISupportedInterfaceOrientations_iPhone = "UIInterfaceOrientationPortrait UIInterfaceOrientationLandscapeLeft UIInterfaceOrientationLandscapeRight";
				IPHONEOS_DEPLOYMENT_TARGET = 15.0;
				LD_RUNPATH_SEARCH_PATHS = (
					"$(inherited)",
					"@executable_path/Frameworks",
				);
				MARKETING_VERSION = 1.0;
				PRODUCT_BUNDLE_IDENTIFIER = online.tomk.GoLondon;
				PRODUCT_NAME = "Go London";
				SDKROOT = iphoneos;
				SWIFT_EMIT_LOC_STRINGS = YES;
				SWIFT_VERSION = 5.0;
				TARGETED_DEVICE_FAMILY = "1,2";
			};
			name = Debug;
		};
		E2F890D1270700B000277863 /* Release */ = {
			isa = XCBuildConfiguration;
			buildSettings = {
				ALWAYS_EMBED_SWIFT_STANDARD_LIBRARIES = YES;
				ASSETCATALOG_COMPILER_APPICON_NAME = AppIcon;
				ASSETCATALOG_COMPILER_GLOBAL_ACCENT_COLOR_NAME = AccentColor;
				CODE_SIGN_STYLE = Automatic;
				CURRENT_PROJECT_VERSION = 1;
				DEVELOPMENT_TEAM = 8H3J46CN24;
				ENABLE_PREVIEWS = YES;
				GENERATE_INFOPLIST_FILE = YES;
				INFOPLIST_FILE = "Go-London--iOS--Info.plist";
				INFOPLIST_KEY_NSLocationAlwaysAndWhenInUseUsageDescription = Location;
				INFOPLIST_KEY_NSLocationAlwaysUsageDescription = Location;
				INFOPLIST_KEY_NSLocationUsageDescription = Location;
				INFOPLIST_KEY_NSLocationWhenInUseUsageDescription = Location;
				INFOPLIST_KEY_UIApplicationSceneManifest_Generation = YES;
				INFOPLIST_KEY_UIApplicationSupportsIndirectInputEvents = YES;
				INFOPLIST_KEY_UILaunchScreen_Generation = YES;
				INFOPLIST_KEY_UISupportedInterfaceOrientations_iPad = "UIInterfaceOrientationPortrait UIInterfaceOrientationPortraitUpsideDown UIInterfaceOrientationLandscapeLeft UIInterfaceOrientationLandscapeRight";
				INFOPLIST_KEY_UISupportedInterfaceOrientations_iPhone = "UIInterfaceOrientationPortrait UIInterfaceOrientationLandscapeLeft UIInterfaceOrientationLandscapeRight";
				IPHONEOS_DEPLOYMENT_TARGET = 15.0;
				LD_RUNPATH_SEARCH_PATHS = (
					"$(inherited)",
					"@executable_path/Frameworks",
				);
				MARKETING_VERSION = 1.0;
				PRODUCT_BUNDLE_IDENTIFIER = online.tomk.GoLondon;
				PRODUCT_NAME = "Go London";
				SDKROOT = iphoneos;
				SWIFT_EMIT_LOC_STRINGS = YES;
				SWIFT_VERSION = 5.0;
				TARGETED_DEVICE_FAMILY = "1,2";
				VALIDATE_PRODUCT = YES;
			};
			name = Release;
		};
		E2F890D3270700B000277863 /* Debug */ = {
			isa = XCBuildConfiguration;
			buildSettings = {
				ASSETCATALOG_COMPILER_APPICON_NAME = AppIcon;
				ASSETCATALOG_COMPILER_GLOBAL_ACCENT_COLOR_NAME = AccentColor;
				CODE_SIGN_ENTITLEMENTS = macOS/macOS.entitlements;
				CODE_SIGN_STYLE = Automatic;
				COMBINE_HIDPI_IMAGES = YES;
				CURRENT_PROJECT_VERSION = 1;
				DEVELOPMENT_TEAM = 8H3J46CN24;
				ENABLE_HARDENED_RUNTIME = YES;
				ENABLE_PREVIEWS = YES;
				GENERATE_INFOPLIST_FILE = YES;
				INFOPLIST_KEY_NSHumanReadableCopyright = "";
				LD_RUNPATH_SEARCH_PATHS = (
					"$(inherited)",
					"@executable_path/../Frameworks",
				);
				MACOSX_DEPLOYMENT_TARGET = 11.0;
				MARKETING_VERSION = 1.0;
				PRODUCT_BUNDLE_IDENTIFIER = online.tomk.GoLondon;
				PRODUCT_NAME = "Go London";
				SDKROOT = macosx;
				SWIFT_EMIT_LOC_STRINGS = YES;
				SWIFT_VERSION = 5.0;
			};
			name = Debug;
		};
		E2F890D4270700B000277863 /* Release */ = {
			isa = XCBuildConfiguration;
			buildSettings = {
				ASSETCATALOG_COMPILER_APPICON_NAME = AppIcon;
				ASSETCATALOG_COMPILER_GLOBAL_ACCENT_COLOR_NAME = AccentColor;
				CODE_SIGN_ENTITLEMENTS = macOS/macOS.entitlements;
				CODE_SIGN_STYLE = Automatic;
				COMBINE_HIDPI_IMAGES = YES;
				CURRENT_PROJECT_VERSION = 1;
				DEVELOPMENT_TEAM = 8H3J46CN24;
				ENABLE_HARDENED_RUNTIME = YES;
				ENABLE_PREVIEWS = YES;
				GENERATE_INFOPLIST_FILE = YES;
				INFOPLIST_KEY_NSHumanReadableCopyright = "";
				LD_RUNPATH_SEARCH_PATHS = (
					"$(inherited)",
					"@executable_path/../Frameworks",
				);
				MACOSX_DEPLOYMENT_TARGET = 11.0;
				MARKETING_VERSION = 1.0;
				PRODUCT_BUNDLE_IDENTIFIER = online.tomk.GoLondon;
				PRODUCT_NAME = "Go London";
				SDKROOT = macosx;
				SWIFT_EMIT_LOC_STRINGS = YES;
				SWIFT_VERSION = 5.0;
			};
			name = Release;
		};
		E2F890D6270700B000277863 /* Debug */ = {
			isa = XCBuildConfiguration;
			buildSettings = {
				ALWAYS_EMBED_SWIFT_STANDARD_LIBRARIES = YES;
				CODE_SIGN_STYLE = Automatic;
				CURRENT_PROJECT_VERSION = 1;
				DEVELOPMENT_TEAM = 8H3J46CN24;
				GENERATE_INFOPLIST_FILE = YES;
				IPHONEOS_DEPLOYMENT_TARGET = 15.0;
				LD_RUNPATH_SEARCH_PATHS = (
					"$(inherited)",
					"@executable_path/Frameworks",
					"@loader_path/Frameworks",
				);
				MARKETING_VERSION = 1.0;
				PRODUCT_BUNDLE_IDENTIFIER = "online.tomk.Tests-iOS";
				PRODUCT_NAME = "$(TARGET_NAME)";
				SDKROOT = iphoneos;
				SWIFT_EMIT_LOC_STRINGS = NO;
				SWIFT_VERSION = 5.0;
				TARGETED_DEVICE_FAMILY = "1,2";
				TEST_TARGET_NAME = "GaryTube (iOS)";
			};
			name = Debug;
		};
		E2F890D7270700B000277863 /* Release */ = {
			isa = XCBuildConfiguration;
			buildSettings = {
				ALWAYS_EMBED_SWIFT_STANDARD_LIBRARIES = YES;
				CODE_SIGN_STYLE = Automatic;
				CURRENT_PROJECT_VERSION = 1;
				DEVELOPMENT_TEAM = 8H3J46CN24;
				GENERATE_INFOPLIST_FILE = YES;
				IPHONEOS_DEPLOYMENT_TARGET = 15.0;
				LD_RUNPATH_SEARCH_PATHS = (
					"$(inherited)",
					"@executable_path/Frameworks",
					"@loader_path/Frameworks",
				);
				MARKETING_VERSION = 1.0;
				PRODUCT_BUNDLE_IDENTIFIER = "online.tomk.Tests-iOS";
				PRODUCT_NAME = "$(TARGET_NAME)";
				SDKROOT = iphoneos;
				SWIFT_EMIT_LOC_STRINGS = NO;
				SWIFT_VERSION = 5.0;
				TARGETED_DEVICE_FAMILY = "1,2";
				TEST_TARGET_NAME = "GaryTube (iOS)";
				VALIDATE_PRODUCT = YES;
			};
			name = Release;
		};
		E2F890D9270700B000277863 /* Debug */ = {
			isa = XCBuildConfiguration;
			buildSettings = {
				ALWAYS_EMBED_SWIFT_STANDARD_LIBRARIES = YES;
				CODE_SIGN_STYLE = Automatic;
				COMBINE_HIDPI_IMAGES = YES;
				CURRENT_PROJECT_VERSION = 1;
				DEVELOPMENT_TEAM = 8H3J46CN24;
				GENERATE_INFOPLIST_FILE = YES;
				LD_RUNPATH_SEARCH_PATHS = (
					"$(inherited)",
					"@executable_path/../Frameworks",
					"@loader_path/../Frameworks",
				);
				MACOSX_DEPLOYMENT_TARGET = 11.3;
				MARKETING_VERSION = 1.0;
				PRODUCT_BUNDLE_IDENTIFIER = "online.tomk.Tests-macOS";
				PRODUCT_NAME = "$(TARGET_NAME)";
				SDKROOT = macosx;
				SWIFT_EMIT_LOC_STRINGS = NO;
				SWIFT_VERSION = 5.0;
				TEST_TARGET_NAME = "GaryTube (macOS)";
			};
			name = Debug;
		};
		E2F890DA270700B000277863 /* Release */ = {
			isa = XCBuildConfiguration;
			buildSettings = {
				ALWAYS_EMBED_SWIFT_STANDARD_LIBRARIES = YES;
				CODE_SIGN_STYLE = Automatic;
				COMBINE_HIDPI_IMAGES = YES;
				CURRENT_PROJECT_VERSION = 1;
				DEVELOPMENT_TEAM = 8H3J46CN24;
				GENERATE_INFOPLIST_FILE = YES;
				LD_RUNPATH_SEARCH_PATHS = (
					"$(inherited)",
					"@executable_path/../Frameworks",
					"@loader_path/../Frameworks",
				);
				MACOSX_DEPLOYMENT_TARGET = 11.3;
				MARKETING_VERSION = 1.0;
				PRODUCT_BUNDLE_IDENTIFIER = "online.tomk.Tests-macOS";
				PRODUCT_NAME = "$(TARGET_NAME)";
				SDKROOT = macosx;
				SWIFT_EMIT_LOC_STRINGS = NO;
				SWIFT_VERSION = 5.0;
				TEST_TARGET_NAME = "GaryTube (macOS)";
			};
			name = Release;
		};
/* End XCBuildConfiguration section */

/* Begin XCConfigurationList section */
		E2AF75A22750435800CDD50E /* Build configuration list for PBXNativeTarget "GoLondonWidgetExtension" */ = {
			isa = XCConfigurationList;
			buildConfigurations = (
				E2AF75A02750435800CDD50E /* Debug */,
				E2AF75A12750435800CDD50E /* Release */,
			);
			defaultConfigurationIsVisible = 0;
			defaultConfigurationName = Release;
		};
		E2F8909D270700AF00277863 /* Build configuration list for PBXProject "Go London" */ = {
			isa = XCConfigurationList;
			buildConfigurations = (
				E2F890CD270700B000277863 /* Debug */,
				E2F890CE270700B000277863 /* Release */,
			);
			defaultConfigurationIsVisible = 0;
			defaultConfigurationName = Release;
		};
		E2F890CF270700B000277863 /* Build configuration list for PBXNativeTarget "Go London (iOS)" */ = {
			isa = XCConfigurationList;
			buildConfigurations = (
				E2F890D0270700B000277863 /* Debug */,
				E2F890D1270700B000277863 /* Release */,
			);
			defaultConfigurationIsVisible = 0;
			defaultConfigurationName = Release;
		};
		E2F890D2270700B000277863 /* Build configuration list for PBXNativeTarget "Go London (macOS)" */ = {
			isa = XCConfigurationList;
			buildConfigurations = (
				E2F890D3270700B000277863 /* Debug */,
				E2F890D4270700B000277863 /* Release */,
			);
			defaultConfigurationIsVisible = 0;
			defaultConfigurationName = Release;
		};
		E2F890D5270700B000277863 /* Build configuration list for PBXNativeTarget "Tests iOS" */ = {
			isa = XCConfigurationList;
			buildConfigurations = (
				E2F890D6270700B000277863 /* Debug */,
				E2F890D7270700B000277863 /* Release */,
			);
			defaultConfigurationIsVisible = 0;
			defaultConfigurationName = Release;
		};
		E2F890D8270700B000277863 /* Build configuration list for PBXNativeTarget "Tests macOS" */ = {
			isa = XCConfigurationList;
			buildConfigurations = (
				E2F890D9270700B000277863 /* Debug */,
				E2F890DA270700B000277863 /* Release */,
			);
			defaultConfigurationIsVisible = 0;
			defaultConfigurationName = Release;
		};
/* End XCConfigurationList section */

/* Begin XCRemoteSwiftPackageReference section */
		E2B5A0E72751482B00945E47 /* XCRemoteSwiftPackageReference "GoLondonAPI" */ = {
			isa = XCRemoteSwiftPackageReference;
			repositoryURL = "https://github.com/Tom-Knighton/GoLondonAPI";
			requirement = {
				branch = master;
				kind = branch;
			};
		};
		E2F890FB270908CE00277863 /* XCRemoteSwiftPackageReference "SwiftUI-Introspect" */ = {
			isa = XCRemoteSwiftPackageReference;
			repositoryURL = "https://github.com/siteline/SwiftUI-Introspect.git";
			requirement = {
				kind = upToNextMajorVersion;
				minimumVersion = 0.1.3;
			};
		};
		E2F890FE270B87B500277863 /* XCRemoteSwiftPackageReference "lottie-ios" */ = {
			isa = XCRemoteSwiftPackageReference;
			repositoryURL = "https://github.com/airbnb/lottie-ios.git";
			requirement = {
				kind = upToNextMajorVersion;
				minimumVersion = 3.0.0;
			};
		};
/* End XCRemoteSwiftPackageReference section */

/* Begin XCSwiftPackageProductDependency section */
		E2AF75AC27504BFD00CDD50E /* GoLondonModels */ = {
			isa = XCSwiftPackageProductDependency;
			productName = GoLondonModels;
		};
		E2B5A0E82751482B00945E47 /* GoLondonAPI */ = {
			isa = XCSwiftPackageProductDependency;
			package = E2B5A0E72751482B00945E47 /* XCRemoteSwiftPackageReference "GoLondonAPI" */;
			productName = GoLondonAPI;
		};
		E2F890FC270908CE00277863 /* Introspect */ = {
			isa = XCSwiftPackageProductDependency;
			package = E2F890FB270908CE00277863 /* XCRemoteSwiftPackageReference "SwiftUI-Introspect" */;
			productName = Introspect;
		};
		E2F890FF270B87B500277863 /* Lottie */ = {
			isa = XCSwiftPackageProductDependency;
			package = E2F890FE270B87B500277863 /* XCRemoteSwiftPackageReference "lottie-ios" */;
			productName = Lottie;
		};
/* End XCSwiftPackageProductDependency section */
	};
	rootObject = E2F8909A270700AF00277863 /* Project object */;
}
