{
  "object": {
    "pins": [
      {
        "package": "GoLondonAPI",
        "repositoryURL": "https://github.com/Tom-Knighton/GoLondonAPI",
        "state": {
          "branch": "master",
          "revision": "2afa5bf318234333fdf04212f136eeddcbd607cd",
          "version": null
        }
      },
      {
        "package": "GoLondonModels",
        "repositoryURL": "https://github.com/Tom-Knighton/GoLondonModels",
        "state": {
          "branch": "main",
          "revision": "a13bd205b325830c40b4290ef063b61642ee03f6",
          "version": null
        }
      },
      {
        "package": "Lottie",
        "repositoryURL": "https://github.com/airbnb/lottie-ios.git",
        "state": {
          "branch": null,
          "revision": "79a0b70547f7c40ea54c67487f935fa2f2eaaadc",
          "version": "3.2.3"
        }
      },
      {
        "package": "Introspect",
        "repositoryURL": "https://github.com/siteline/SwiftUI-Introspect.git",
        "state": {
          "branch": null,
          "revision": "2e09be8af614401bc9f87d40093ec19ce56ccaf2",
          "version": "0.1.3"
        }
      }
    ]
  },
  "version": 1
}
