{
  "pins" : [
    {
      "identity" : "golondonsdk-swift",
      "kind" : "remoteSourceControl",
      "location" : "https://github.com/Tom-Knighton/GoLondonSDK-Swift",
      "state" : {
        "revision" : "4401490ef23ef295455d28d95cce4e0e20619eff",
        "version" : "1.0.13"
      }
    },
    {
      "identity" : "lottie-ios",
      "kind" : "remoteSourceControl",
      "location" : "https://github.com/airbnb/lottie-ios.git",
      "state" : {
        "branch" : "master",
        "revision" : "7ea321c13eecac6c3105c6542646943083f8f86d"
      }
    },
    {
      "identity" : "mapbox-common-ios",
      "kind" : "remoteSourceControl",
      "location" : "https://github.com/mapbox/mapbox-common-ios.git",
      "state" : {
        "revision" : "d9670cde1143ff3d3b3d840bfeb7413be2e2a9ae",
        "version" : "22.0.0"
      }
    },
    {
      "identity" : "mapbox-core-maps-ios",
      "kind" : "remoteSourceControl",
      "location" : "https://github.com/mapbox/mapbox-core-maps-ios.git",
      "state" : {
        "revision" : "94fe6c4f1e3d4e92e14b074cc95276e383b1f643",
        "version" : "10.6.0"
      }
    },
    {
      "identity" : "mapbox-events-ios",
      "kind" : "remoteSourceControl",
      "location" : "https://github.com/mapbox/mapbox-events-ios.git",
      "state" : {
        "revision" : "5e130fba637f5bbb0bb8bca0dec8d38a06ce07bf",
        "version" : "1.0.8"
      }
    },
    {
      "identity" : "mapbox-maps-ios",
      "kind" : "remoteSourceControl",
      "location" : "https://github.com/mapbox/mapbox-maps-ios.git",
      "state" : {
        "revision" : "5e8b144dd9e122fd868c7c033ae4ec41d1971729",
        "version" : "10.6.0"
      }
    },
    {
      "identity" : "swiftui-introspect",
      "kind" : "remoteSourceControl",
      "location" : "https://github.com/siteline/SwiftUI-Introspect.git",
      "state" : {
        "revision" : "f2616860a41f9d9932da412a8978fec79c06fe24",
        "version" : "0.1.4"
      }
    },
    {
      "identity" : "turf-swift",
      "kind" : "remoteSourceControl",
      "location" : "https://github.com/mapbox/turf-swift.git",
      "state" : {
        "revision" : "a7db78a2281ffe79966443ebe5687766d6c024c7",
        "version" : "2.3.0"
      }
    }
  ],
  "version" : 2
}
